
Microsoft Visual Studio Solution File, Format Version 12.00
# Visual Studio 15
VisualStudioVersion = 15.0.27428.2037
MinimumVisualStudioVersion = 10.0.40219.1
Project("{2150E333-8FDC-42A3-9474-1A3956D46DE8}") = "Clinets", "Clinets", "{62156AC5-D503-41FD-A87B-ED3D38B2938B}"
EndProject
Project("{2150E333-8FDC-42A3-9474-1A3956D46DE8}") = "CarMeasure", "CarMeasure", "{E11A9455-4725-401C-8BA3-3BBA02CB50D4}"
EndProject
Project("{FAE04EC0-301F-11D3-BF4B-00C04F79EFBC}") = "Talent.CarMeasureClient", "Talent.CarMeasureClinet\Talent.CarMeasureClient.csproj", "{72B3CCDF-3230-470A-A666-FF57E0EE8EF3}"
EndProject
Project("{FAE04EC0-301F-11D3-BF4B-00C04F79EFBC}") = "Talent.RemoteCarMeasure", "Talent.RemoteCarMeasure\Talent.RemoteCarMeasure.csproj", "{C39B2ABA-D35A-4514-A8E1-9D6FDA6ED4EE}"
EndProject
Project("{FAE04EC0-301F-11D3-BF4B-00C04F79EFBC}") = "Talent.CarMeasureConfig", "Talent.CarMeasureConfig\Talent.CarMeasureConfig.csproj", "{3BD2E4B4-ABDE-4761-B38C-E7E98C8D751E}"
EndProject
Project("{FAE04EC0-301F-11D3-BF4B-00C04F79EFBC}") = "Talent.Measure.WPF", "Talent.Measure.WPF\Talent.Measure.WPF.csproj", "{22D9F54B-6197-4CBF-A667-064B75339F28}"
EndProject
Project("{2150E333-8FDC-42A3-9474-1A3956D46DE8}") = "HardWare", "HardWare", "{EC37B034-D165-465D-927D-ACDB85FA2CE1}"
EndProject
Project("{2150E333-8FDC-42A3-9474-1A3956D46DE8}") = "IcControl", "IcControl", "{724A1409-5805-4EBF-BA3F-06AE560143D5}"
EndProject
Project("{FAE04EC0-301F-11D3-BF4B-00C04F79EFBC}") = "Talent.Ic.MH", "Hardware\IcCard\Talent.Ic.MH\Talent.Ic.MH.csproj", "{81C98330-73F7-45D4-B6CB-1917CC7676D3}"
EndProject
Project("{FAE04EC0-301F-11D3-BF4B-00C04F79EFBC}") = "Talent.Ic.Interface", "Hardware\IcCard\Talent.Ic.Interface\Talent.Ic.Interface.csproj", "{D6CC19FE-E5BA-4757-A078-667FAD1C45F8}"
EndProject
Project("{FAE04EC0-301F-11D3-BF4B-00C04F79EFBC}") = "Talent.Ic.Controller", "Hardware\IcCard\Talent.Ic.Controller\Talent.Ic.Controller.csproj", "{6CD09DAA-9A36-4F9E-AA6E-74CCA7BA74D7}"
EndProject
Project("{FAE04EC0-301F-11D3-BF4B-00C04F79EFBC}") = "Talent.Measure.DomainModel", "Talent.Measure.DomainModel\Talent.Measure.DomainModel.csproj", "{B01309F0-BE2B-483D-AA20-A3D4D0C231EF}"
EndProject
Project("{2150E333-8FDC-42A3-9474-1A3956D46DE8}") = "Common", "Common", "{E71B84AC-EAA3-49D6-BE57-F9997CA45154}"
EndProject
Project("{FAE04EC0-301F-11D3-BF4B-00C04F79EFBC}") = "Talent.ClientLog", "Common\Talent.ClientLog\Talent.ClientLog.csproj", "{EB305BE1-A19D-4C26-82FC-8062B66029DF}"
EndProject
Project("{2150E333-8FDC-42A3-9474-1A3956D46DE8}") = "PrinterControl", "PrinterControl", "{7A75F952-F033-4442-B5EB-AE58C4DA4B67}"
EndProject
Project("{FAE04EC0-301F-11D3-BF4B-00C04F79EFBC}") = "Talent.Printer.Controller", "Hardware\PrinterControl\Talent.Printer.Controller\Talent.Printer.Controller.csproj", "{C5308688-9C0C-4AB7-874C-D61C23231FEA}"
EndProject
Project("{FAE04EC0-301F-11D3-BF4B-00C04F79EFBC}") = "Talent.Printer.CustomVKP800II", "Hardware\PrinterControl\Talent.Printer.CustomVKP800II\Talent.Printer.CustomVKP800II.csproj", "{B3C0A168-84E0-43FE-9B19-D31A0B4A46D1}"
EndProject
Project("{FAE04EC0-301F-11D3-BF4B-00C04F79EFBC}") = "Talent.Printer.Interface", "Hardware\PrinterControl\Talent.Printer.Interface\Talent.Printer.Interface.csproj", "{45961A48-E08D-4BFD-A306-B423F230C090}"
EndProject
Project("{FAE04EC0-301F-11D3-BF4B-00C04F79EFBC}") = "Talent.CommonMethod", "Common\Talnet.CommonMethod\Talent.CommonMethod.csproj", "{ADD2B8B9-06E5-4E0E-8F2D-CC9D8F8A7C90}"
EndProject
Project("{2150E333-8FDC-42A3-9474-1A3956D46DE8}") = "RFIDControl", "RFIDControl", "{E0DDF377-E078-49E7-84E4-1D77C5A84A98}"
EndProject
Project("{FAE04EC0-301F-11D3-BF4B-00C04F79EFBC}") = "Talent.Rfid.Controller", "Hardware\RFIDControl\Talent.Rfid.Controller\Talent.Rfid.Controller.csproj", "{E420B602-2D19-49AA-A9BB-E3278A1BA86D}"
EndProject
Project("{FAE04EC0-301F-11D3-BF4B-00C04F79EFBC}") = "Talent.Rfid.Interface", "Hardware\RFIDControl\Talent.Rfid.Interface\Talent.Rfid.Interface.csproj", "{13719D92-1625-4D1F-A900-FF9120056292}"
EndProject
Project("{FAE04EC0-301F-11D3-BF4B-00C04F79EFBC}") = "Talent.Rfid.Ljyzn102", "Hardware\RFIDControl\Talent.Rfid.Ljyzn102\Talent.Rfid.Ljyzn102.csproj", "{9B15BC83-8499-4E15-A083-4A76B5BF2D86}"
EndProject
Project("{2150E333-8FDC-42A3-9474-1A3956D46DE8}") = "WeightControl", "WeightControl", "{C14FED53-B9A5-4031-A03C-A1AFD48C4F3C}"
EndProject
Project("{FAE04EC0-301F-11D3-BF4B-00C04F79EFBC}") = "Talent.Weight.Controller", "Hardware\WeightControl\Talent.Weight.Controller\Talent.Weight.Controller.csproj", "{1D8F6DC3-DB1A-460B-80AB-2B21A7B5588B}"
EndProject
Project("{FAE04EC0-301F-11D3-BF4B-00C04F79EFBC}") = "Talent.Weight.Interface", "Hardware\WeightControl\Talent.Weight.Interface\Talent.Weight.Interface.csproj", "{400417C2-6926-4087-BF70-E69D41A4EC9B}"
EndProject
Project("{FAE04EC0-301F-11D3-BF4B-00C04F79EFBC}") = "Talent.Weight.JZ", "Hardware\WeightControl\Talent.Weight.JZ\Talent.Weight.JZ.csproj", "{930772BF-0926-4AC1-AB7E-AD9168B20ED3}"
EndProject
Project("{2150E333-8FDC-42A3-9474-1A3956D46DE8}") = "VideoControl", "VideoControl", "{3205A8D8-EABA-45FA-A1EA-BB629D9C8714}"
EndProject
Project("{FAE04EC0-301F-11D3-BF4B-00C04F79EFBC}") = "Talent.Video.Interface", "Hardware\VideoControl\Talent.Video.Interface\Talent.Video.Interface.csproj", "{FB7BB109-42C7-4288-A9CA-339502D36358}"
EndProject
Project("{FAE04EC0-301F-11D3-BF4B-00C04F79EFBC}") = "Talent.Video.HKVideo", "Hardware\VideoControl\Talent.Video.HKVideo\Talent.Video.HKVideo.csproj", "{5D1137E6-B26C-4C1A-890B-4559AE5B4C44}"
EndProject
Project("{FAE04EC0-301F-11D3-BF4B-00C04F79EFBC}") = "Talent.Video.Controller", "Hardware\VideoControl\Talent.Video.Controller\Talent.Video.Controller.csproj", "{02901D6B-4562-4689-90BA-B0D0EC31ED76}"
EndProject
Project("{FAE04EC0-301F-11D3-BF4B-00C04F79EFBC}") = "Talent.ClientCommonLib", "Talnet.ClinetCommonLib\Talent.ClientCommonLib.csproj", "{C5ABC99D-2A97-4F87-B1D3-75334BE96B71}"
EndProject
Project("{2150E333-8FDC-42A3-9474-1A3956D46DE8}") = "Update", "Update", "{A64CEFAD-4EFE-4A24-B971-88072A006501}"
EndProject
Project("{FAE04EC0-301F-11D3-BF4B-00C04F79EFBC}") = "Update", "Update\Update.csproj", "{66FFC16D-EE50-4719-8CB5-0542FD82AC17}"
EndProject
Project("{FAE04EC0-301F-11D3-BF4B-00C04F79EFBC}") = "Talent.HardwareDLL", "Talent.HardwareDLL\Talent.HardwareDLL.csproj", "{D4D92670-5495-40AA-AC6C-4CFBDEB4D0D5}"
EndProject
Project("{FAE04EC0-301F-11D3-BF4B-00C04F79EFBC}") = "Talent.AutoUpdate", "Talent.AutoUpdate\Talent.AutoUpdate.csproj", "{1062B582-C326-4702-A22E-B743E9703A61}"
EndProject
Project("{2150E333-8FDC-42A3-9474-1A3956D46DE8}") = "IoControl", "IoControl", "{53C8ED54-CA91-4608-82BE-888F68D26225}"
EndProject
Project("{FAE04EC0-301F-11D3-BF4B-00C04F79EFBC}") = "Talent.Io.Controller", "Hardware\IoControl\Talent.Io.Controller\Talent.Io.Controller.csproj", "{5452DC96-7EEB-4B75-8A4D-00EF6D9BA5CC}"
EndProject
Project("{FAE04EC0-301F-11D3-BF4B-00C04F79EFBC}") = "Talent.Io.HKVideo", "Hardware\IoControl\Talent.Io.HKVideo\Talent.Io.HKVideo.csproj", "{B0299092-F215-44B3-9FC3-32ECE58A34DB}"
EndProject
Project("{FAE04EC0-301F-11D3-BF4B-00C04F79EFBC}") = "Talent.Io.Interface", "Hardware\IoControl\Talent.Io.Interface\Talent.Io.Interface.csproj", "{FA8FC023-F1DC-4C93-8557-BB91AA54C173}"
EndProject
Project("{FAE04EC0-301F-11D3-BF4B-00C04F79EFBC}") = "VideoPlayBackTest", "VideoPlayBackTest\VideoPlayBackTest.csproj", "{C0D5689F-C63E-4A22-8CA6-887B1C35F44B}"
EndProject
Project("{FAE04EC0-301F-11D3-BF4B-00C04F79EFBC}") = "Talent.MH.MC9500", "Hardware\IcCard\Talent.MH.MC9500\Talent.MH.MC9500.csproj", "{F384EB9F-BB50-46ED-898E-FA5EE4A0A19E}"
EndProject
Project("{FAE04EC0-301F-11D3-BF4B-00C04F79EFBC}") = "Talent.Rfid.WeiBiao", "Hardware\RFIDControl\Talent.Rfid.WeiBiao\Talent.Rfid.WeiBiao.csproj", "{FE121FC3-50DD-4BBB-A552-AE1970082785}"
EndProject
Project("{FAE04EC0-301F-11D3-BF4B-00C04F79EFBC}") = "RfidTest", "Hardware\RFIDControl\RfidTest\RfidTest.csproj", "{8B711806-CD19-4438-932B-DF414161EBC6}"
EndProject
Project("{FAE04EC0-301F-11D3-BF4B-00C04F79EFBC}") = "Talent.SocketIOClient", "Common\SocketIO\Talent.SocketIOClient.csproj", "{573BB554-340E-4D79-AD4B-C8D72C9171EF}"
EndProject
Project("{2150E333-8FDC-42A3-9474-1A3956D46DE8}") = "TrainMeasure", "TrainMeasure", "{30A1311C-9544-4844-B176-2FBE853EA957}"
EndProject
Project("{2150E333-8FDC-42A3-9474-1A3956D46DE8}") = "Cheat", "Cheat", "{B5256B45-076F-4B8B-8E67-8F5313F3DC38}"
EndProject
Project("{FAE04EC0-301F-11D3-BF4B-00C04F79EFBC}") = "Talent.Cheat.Interface", "Hardware\Cheat\Talent.Cheat.Interface\Talent.Cheat.Interface\Talent.Cheat.Interface.csproj", "{AFECAE4C-172C-4B8D-9459-32CB9A7DD958}"
EndProject
Project("{FAE04EC0-301F-11D3-BF4B-00C04F79EFBC}") = "Talent.Cheat.AnGuoAQD108", "Hardware\Cheat\Talent.Cheat.AnGuoAQD108\Talent.Cheat.AnGuoAQD108\Talent.Cheat.AnGuoAQD108.csproj", "{479ED24B-66FB-4BB8-9EDE-8F546EBD26E2}"
EndProject
Project("{FAE04EC0-301F-11D3-BF4B-00C04F79EFBC}") = "Talent.Cheat.Controller", "Hardware\Cheat\Talent.Cheat.Controller\Talent.Cheat.Controller\Talent.Cheat.Controller.csproj", "{E1EF08A4-3069-4CF4-B00C-98B1047450E4}"
EndProject
Project("{FAE04EC0-301F-11D3-BF4B-00C04F79EFBC}") = "Talent.FIleSync", "Common\Talent.FIleSync\Talent.FIleSync.csproj", "{53830B5D-64F1-433D-AAB1-B1947A4AA570}"
EndProject
Project("{FAE04EC0-301F-11D3-BF4B-00C04F79EFBC}") = "Talent.Weight.TLD", "Hardware\WeightControl\Talent.Weight.TLD\Talent.Weight.TLD.csproj", "{16EE7A55-BE07-4C0B-873B-5CB6420CDC51}"
EndProject
Project("{FAE04EC0-301F-11D3-BF4B-00C04F79EFBC}") = "Talent.Weight.WuYue", "Hardware\WeightControl\Talent.Weight.WuYue\Talent.Weight.WuYue.csproj", "{EE8075E3-90BB-45DB-92D8-2C79725E7CF0}"
EndProject
Project("{FAE04EC0-301F-11D3-BF4B-00C04F79EFBC}") = "Talent.Weight.KL", "Hardware\WeightControl\Talent.Weight.KL\Talent.Weight.KL.csproj", "{0731F2E9-69A6-420C-BF50-8603EFFAFC02}"
EndProject
Global
	GlobalSection(SolutionConfigurationPlatforms) = preSolution
		Debug|Any CPU = Debug|Any CPU
		Debug|Mixed Platforms = Debug|Mixed Platforms
		Debug|x86 = Debug|x86
		DebugILMerge|Any CPU = DebugILMerge|Any CPU
		DebugILMerge|Mixed Platforms = DebugILMerge|Mixed Platforms
		DebugILMerge|x86 = DebugILMerge|x86
		Release|Any CPU = Release|Any CPU
		Release|Mixed Platforms = Release|Mixed Platforms
		Release|x86 = Release|x86
		ReleaseILMerge|Any CPU = ReleaseILMerge|Any CPU
		ReleaseILMerge|Mixed Platforms = ReleaseILMerge|Mixed Platforms
		ReleaseILMerge|x86 = ReleaseILMerge|x86
	EndGlobalSection
	GlobalSection(ProjectConfigurationPlatforms) = postSolution
		{72B3CCDF-3230-470A-A666-FF57E0EE8EF3}.Debug|Any CPU.ActiveCfg = Debug|Any CPU
		{72B3CCDF-3230-470A-A666-FF57E0EE8EF3}.Debug|Any CPU.Build.0 = Debug|Any CPU
		{72B3CCDF-3230-470A-A666-FF57E0EE8EF3}.Debug|Mixed Platforms.ActiveCfg = Debug|Any CPU
		{72B3CCDF-3230-470A-A666-FF57E0EE8EF3}.Debug|Mixed Platforms.Build.0 = Debug|Any CPU
		{72B3CCDF-3230-470A-A666-FF57E0EE8EF3}.Debug|x86.ActiveCfg = Debug|Any CPU
		{72B3CCDF-3230-470A-A666-FF57E0EE8EF3}.DebugILMerge|Any CPU.ActiveCfg = Debug|Any CPU
		{72B3CCDF-3230-470A-A666-FF57E0EE8EF3}.DebugILMerge|Any CPU.Build.0 = Debug|Any CPU
		{72B3CCDF-3230-470A-A666-FF57E0EE8EF3}.DebugILMerge|Mixed Platforms.ActiveCfg = Debug|Any CPU
		{72B3CCDF-3230-470A-A666-FF57E0EE8EF3}.DebugILMerge|Mixed Platforms.Build.0 = Debug|Any CPU
		{72B3CCDF-3230-470A-A666-FF57E0EE8EF3}.DebugILMerge|x86.ActiveCfg = Debug|Any CPU
		{72B3CCDF-3230-470A-A666-FF57E0EE8EF3}.Release|Any CPU.ActiveCfg = Release|Any CPU
		{72B3CCDF-3230-470A-A666-FF57E0EE8EF3}.Release|Any CPU.Build.0 = Release|Any CPU
		{72B3CCDF-3230-470A-A666-FF57E0EE8EF3}.Release|Mixed Platforms.ActiveCfg = Release|Any CPU
		{72B3CCDF-3230-470A-A666-FF57E0EE8EF3}.Release|Mixed Platforms.Build.0 = Release|Any CPU
		{72B3CCDF-3230-470A-A666-FF57E0EE8EF3}.Release|x86.ActiveCfg = Release|Any CPU
		{72B3CCDF-3230-470A-A666-FF57E0EE8EF3}.ReleaseILMerge|Any CPU.ActiveCfg = Release|Any CPU
		{72B3CCDF-3230-470A-A666-FF57E0EE8EF3}.ReleaseILMerge|Any CPU.Build.0 = Release|Any CPU
		{72B3CCDF-3230-470A-A666-FF57E0EE8EF3}.ReleaseILMerge|Mixed Platforms.ActiveCfg = Release|Any CPU
		{72B3CCDF-3230-470A-A666-FF57E0EE8EF3}.ReleaseILMerge|Mixed Platforms.Build.0 = Release|Any CPU
		{72B3CCDF-3230-470A-A666-FF57E0EE8EF3}.ReleaseILMerge|x86.ActiveCfg = Release|Any CPU
		{C39B2ABA-D35A-4514-A8E1-9D6FDA6ED4EE}.Debug|Any CPU.ActiveCfg = Debug|Any CPU
		{C39B2ABA-D35A-4514-A8E1-9D6FDA6ED4EE}.Debug|Any CPU.Build.0 = Debug|Any CPU
		{C39B2ABA-D35A-4514-A8E1-9D6FDA6ED4EE}.Debug|Mixed Platforms.ActiveCfg = Debug|Any CPU
		{C39B2ABA-D35A-4514-A8E1-9D6FDA6ED4EE}.Debug|Mixed Platforms.Build.0 = Debug|Any CPU
		{C39B2ABA-D35A-4514-A8E1-9D6FDA6ED4EE}.Debug|x86.ActiveCfg = Debug|Any CPU
		{C39B2ABA-D35A-4514-A8E1-9D6FDA6ED4EE}.DebugILMerge|Any CPU.ActiveCfg = Debug|Any CPU
		{C39B2ABA-D35A-4514-A8E1-9D6FDA6ED4EE}.DebugILMerge|Any CPU.Build.0 = Debug|Any CPU
		{C39B2ABA-D35A-4514-A8E1-9D6FDA6ED4EE}.DebugILMerge|Mixed Platforms.ActiveCfg = Debug|Any CPU
		{C39B2ABA-D35A-4514-A8E1-9D6FDA6ED4EE}.DebugILMerge|Mixed Platforms.Build.0 = Debug|Any CPU
		{C39B2ABA-D35A-4514-A8E1-9D6FDA6ED4EE}.DebugILMerge|x86.ActiveCfg = Debug|Any CPU
		{C39B2ABA-D35A-4514-A8E1-9D6FDA6ED4EE}.Release|Any CPU.ActiveCfg = Release|Any CPU
		{C39B2ABA-D35A-4514-A8E1-9D6FDA6ED4EE}.Release|Any CPU.Build.0 = Release|Any CPU
		{C39B2ABA-D35A-4514-A8E1-9D6FDA6ED4EE}.Release|Mixed Platforms.ActiveCfg = Release|Any CPU
		{C39B2ABA-D35A-4514-A8E1-9D6FDA6ED4EE}.Release|Mixed Platforms.Build.0 = Release|Any CPU
		{C39B2ABA-D35A-4514-A8E1-9D6FDA6ED4EE}.Release|x86.ActiveCfg = Release|Any CPU
		{C39B2ABA-D35A-4514-A8E1-9D6FDA6ED4EE}.ReleaseILMerge|Any CPU.ActiveCfg = Release|Any CPU
		{C39B2ABA-D35A-4514-A8E1-9D6FDA6ED4EE}.ReleaseILMerge|Any CPU.Build.0 = Release|Any CPU
		{C39B2ABA-D35A-4514-A8E1-9D6FDA6ED4EE}.ReleaseILMerge|Mixed Platforms.ActiveCfg = Release|Any CPU
		{C39B2ABA-D35A-4514-A8E1-9D6FDA6ED4EE}.ReleaseILMerge|Mixed Platforms.Build.0 = Release|Any CPU
		{C39B2ABA-D35A-4514-A8E1-9D6FDA6ED4EE}.ReleaseILMerge|x86.ActiveCfg = Release|Any CPU
		{3BD2E4B4-ABDE-4761-B38C-E7E98C8D751E}.Debug|Any CPU.ActiveCfg = Debug|Any CPU
		{3BD2E4B4-ABDE-4761-B38C-E7E98C8D751E}.Debug|Any CPU.Build.0 = Debug|Any CPU
		{3BD2E4B4-ABDE-4761-B38C-E7E98C8D751E}.Debug|Mixed Platforms.ActiveCfg = Debug|Any CPU
		{3BD2E4B4-ABDE-4761-B38C-E7E98C8D751E}.Debug|Mixed Platforms.Build.0 = Debug|Any CPU
		{3BD2E4B4-ABDE-4761-B38C-E7E98C8D751E}.Debug|x86.ActiveCfg = Debug|Any CPU
		{3BD2E4B4-ABDE-4761-B38C-E7E98C8D751E}.DebugILMerge|Any CPU.ActiveCfg = Debug|Any CPU
		{3BD2E4B4-ABDE-4761-B38C-E7E98C8D751E}.DebugILMerge|Any CPU.Build.0 = Debug|Any CPU
		{3BD2E4B4-ABDE-4761-B38C-E7E98C8D751E}.DebugILMerge|Mixed Platforms.ActiveCfg = Debug|Any CPU
		{3BD2E4B4-ABDE-4761-B38C-E7E98C8D751E}.DebugILMerge|Mixed Platforms.Build.0 = Debug|Any CPU
		{3BD2E4B4-ABDE-4761-B38C-E7E98C8D751E}.DebugILMerge|x86.ActiveCfg = Debug|Any CPU
		{3BD2E4B4-ABDE-4761-B38C-E7E98C8D751E}.Release|Any CPU.ActiveCfg = Release|Any CPU
		{3BD2E4B4-ABDE-4761-B38C-E7E98C8D751E}.Release|Any CPU.Build.0 = Release|Any CPU
		{3BD2E4B4-ABDE-4761-B38C-E7E98C8D751E}.Release|Mixed Platforms.ActiveCfg = Release|Any CPU
		{3BD2E4B4-ABDE-4761-B38C-E7E98C8D751E}.Release|Mixed Platforms.Build.0 = Release|Any CPU
		{3BD2E4B4-ABDE-4761-B38C-E7E98C8D751E}.Release|x86.ActiveCfg = Release|Any CPU
		{3BD2E4B4-ABDE-4761-B38C-E7E98C8D751E}.ReleaseILMerge|Any CPU.ActiveCfg = Release|Any CPU
		{3BD2E4B4-ABDE-4761-B38C-E7E98C8D751E}.ReleaseILMerge|Any CPU.Build.0 = Release|Any CPU
		{3BD2E4B4-ABDE-4761-B38C-E7E98C8D751E}.ReleaseILMerge|Mixed Platforms.ActiveCfg = Release|Any CPU
		{3BD2E4B4-ABDE-4761-B38C-E7E98C8D751E}.ReleaseILMerge|Mixed Platforms.Build.0 = Release|Any CPU
		{3BD2E4B4-ABDE-4761-B38C-E7E98C8D751E}.ReleaseILMerge|x86.ActiveCfg = Release|Any CPU
		{22D9F54B-6197-4CBF-A667-064B75339F28}.Debug|Any CPU.ActiveCfg = Debug|Any CPU
		{22D9F54B-6197-4CBF-A667-064B75339F28}.Debug|Any CPU.Build.0 = Debug|Any CPU
		{22D9F54B-6197-4CBF-A667-064B75339F28}.Debug|Mixed Platforms.ActiveCfg = Debug|Any CPU
		{22D9F54B-6197-4CBF-A667-064B75339F28}.Debug|Mixed Platforms.Build.0 = Debug|Any CPU
		{22D9F54B-6197-4CBF-A667-064B75339F28}.Debug|x86.ActiveCfg = Debug|Any CPU
		{22D9F54B-6197-4CBF-A667-064B75339F28}.DebugILMerge|Any CPU.ActiveCfg = Debug|Any CPU
		{22D9F54B-6197-4CBF-A667-064B75339F28}.DebugILMerge|Any CPU.Build.0 = Debug|Any CPU
		{22D9F54B-6197-4CBF-A667-064B75339F28}.DebugILMerge|Mixed Platforms.ActiveCfg = Debug|Any CPU
		{22D9F54B-6197-4CBF-A667-064B75339F28}.DebugILMerge|Mixed Platforms.Build.0 = Debug|Any CPU
		{22D9F54B-6197-4CBF-A667-064B75339F28}.DebugILMerge|x86.ActiveCfg = Debug|Any CPU
		{22D9F54B-6197-4CBF-A667-064B75339F28}.Release|Any CPU.ActiveCfg = Release|Any CPU
		{22D9F54B-6197-4CBF-A667-064B75339F28}.Release|Any CPU.Build.0 = Release|Any CPU
		{22D9F54B-6197-4CBF-A667-064B75339F28}.Release|Mixed Platforms.ActiveCfg = Release|Any CPU
		{22D9F54B-6197-4CBF-A667-064B75339F28}.Release|Mixed Platforms.Build.0 = Release|Any CPU
		{22D9F54B-6197-4CBF-A667-064B75339F28}.Release|x86.ActiveCfg = Release|Any CPU
		{22D9F54B-6197-4CBF-A667-064B75339F28}.ReleaseILMerge|Any CPU.ActiveCfg = Release|Any CPU
		{22D9F54B-6197-4CBF-A667-064B75339F28}.ReleaseILMerge|Any CPU.Build.0 = Release|Any CPU
		{22D9F54B-6197-4CBF-A667-064B75339F28}.ReleaseILMerge|Mixed Platforms.ActiveCfg = Release|Any CPU
		{22D9F54B-6197-4CBF-A667-064B75339F28}.ReleaseILMerge|Mixed Platforms.Build.0 = Release|Any CPU
		{22D9F54B-6197-4CBF-A667-064B75339F28}.ReleaseILMerge|x86.ActiveCfg = Release|Any CPU
		{81C98330-73F7-45D4-B6CB-1917CC7676D3}.Debug|Any CPU.ActiveCfg = Debug|Any CPU
		{81C98330-73F7-45D4-B6CB-1917CC7676D3}.Debug|Any CPU.Build.0 = Debug|Any CPU
		{81C98330-73F7-45D4-B6CB-1917CC7676D3}.Debug|Mixed Platforms.ActiveCfg = Debug|Any CPU
		{81C98330-73F7-45D4-B6CB-1917CC7676D3}.Debug|Mixed Platforms.Build.0 = Debug|Any CPU
		{81C98330-73F7-45D4-B6CB-1917CC7676D3}.Debug|x86.ActiveCfg = Debug|Any CPU
		{81C98330-73F7-45D4-B6CB-1917CC7676D3}.DebugILMerge|Any CPU.ActiveCfg = Debug|Any CPU
		{81C98330-73F7-45D4-B6CB-1917CC7676D3}.DebugILMerge|Any CPU.Build.0 = Debug|Any CPU
		{81C98330-73F7-45D4-B6CB-1917CC7676D3}.DebugILMerge|Mixed Platforms.ActiveCfg = Debug|Any CPU
		{81C98330-73F7-45D4-B6CB-1917CC7676D3}.DebugILMerge|Mixed Platforms.Build.0 = Debug|Any CPU
		{81C98330-73F7-45D4-B6CB-1917CC7676D3}.DebugILMerge|x86.ActiveCfg = Debug|Any CPU
		{81C98330-73F7-45D4-B6CB-1917CC7676D3}.Release|Any CPU.ActiveCfg = Release|Any CPU
		{81C98330-73F7-45D4-B6CB-1917CC7676D3}.Release|Any CPU.Build.0 = Release|Any CPU
		{81C98330-73F7-45D4-B6CB-1917CC7676D3}.Release|Mixed Platforms.ActiveCfg = Release|Any CPU
		{81C98330-73F7-45D4-B6CB-1917CC7676D3}.Release|Mixed Platforms.Build.0 = Release|Any CPU
		{81C98330-73F7-45D4-B6CB-1917CC7676D3}.Release|x86.ActiveCfg = Release|Any CPU
		{81C98330-73F7-45D4-B6CB-1917CC7676D3}.ReleaseILMerge|Any CPU.ActiveCfg = Release|Any CPU
		{81C98330-73F7-45D4-B6CB-1917CC7676D3}.ReleaseILMerge|Any CPU.Build.0 = Release|Any CPU
		{81C98330-73F7-45D4-B6CB-1917CC7676D3}.ReleaseILMerge|Mixed Platforms.ActiveCfg = Release|Any CPU
		{81C98330-73F7-45D4-B6CB-1917CC7676D3}.ReleaseILMerge|Mixed Platforms.Build.0 = Release|Any CPU
		{81C98330-73F7-45D4-B6CB-1917CC7676D3}.ReleaseILMerge|x86.ActiveCfg = Release|Any CPU
		{D6CC19FE-E5BA-4757-A078-667FAD1C45F8}.Debug|Any CPU.ActiveCfg = Debug|Any CPU
		{D6CC19FE-E5BA-4757-A078-667FAD1C45F8}.Debug|Any CPU.Build.0 = Debug|Any CPU
		{D6CC19FE-E5BA-4757-A078-667FAD1C45F8}.Debug|Mixed Platforms.ActiveCfg = Debug|Any CPU
		{D6CC19FE-E5BA-4757-A078-667FAD1C45F8}.Debug|Mixed Platforms.Build.0 = Debug|Any CPU
		{D6CC19FE-E5BA-4757-A078-667FAD1C45F8}.Debug|x86.ActiveCfg = Debug|Any CPU
		{D6CC19FE-E5BA-4757-A078-667FAD1C45F8}.DebugILMerge|Any CPU.ActiveCfg = Debug|Any CPU
		{D6CC19FE-E5BA-4757-A078-667FAD1C45F8}.DebugILMerge|Any CPU.Build.0 = Debug|Any CPU
		{D6CC19FE-E5BA-4757-A078-667FAD1C45F8}.DebugILMerge|Mixed Platforms.ActiveCfg = Debug|Any CPU
		{D6CC19FE-E5BA-4757-A078-667FAD1C45F8}.DebugILMerge|Mixed Platforms.Build.0 = Debug|Any CPU
		{D6CC19FE-E5BA-4757-A078-667FAD1C45F8}.DebugILMerge|x86.ActiveCfg = Debug|Any CPU
		{D6CC19FE-E5BA-4757-A078-667FAD1C45F8}.Release|Any CPU.ActiveCfg = Release|Any CPU
		{D6CC19FE-E5BA-4757-A078-667FAD1C45F8}.Release|Any CPU.Build.0 = Release|Any CPU
		{D6CC19FE-E5BA-4757-A078-667FAD1C45F8}.Release|Mixed Platforms.ActiveCfg = Release|Any CPU
		{D6CC19FE-E5BA-4757-A078-667FAD1C45F8}.Release|Mixed Platforms.Build.0 = Release|Any CPU
		{D6CC19FE-E5BA-4757-A078-667FAD1C45F8}.Release|x86.ActiveCfg = Release|Any CPU
		{D6CC19FE-E5BA-4757-A078-667FAD1C45F8}.ReleaseILMerge|Any CPU.ActiveCfg = Release|Any CPU
		{D6CC19FE-E5BA-4757-A078-667FAD1C45F8}.ReleaseILMerge|Any CPU.Build.0 = Release|Any CPU
		{D6CC19FE-E5BA-4757-A078-667FAD1C45F8}.ReleaseILMerge|Mixed Platforms.ActiveCfg = Release|Any CPU
		{D6CC19FE-E5BA-4757-A078-667FAD1C45F8}.ReleaseILMerge|Mixed Platforms.Build.0 = Release|Any CPU
		{D6CC19FE-E5BA-4757-A078-667FAD1C45F8}.ReleaseILMerge|x86.ActiveCfg = Release|Any CPU
		{6CD09DAA-9A36-4F9E-AA6E-74CCA7BA74D7}.Debug|Any CPU.ActiveCfg = Debug|Any CPU
		{6CD09DAA-9A36-4F9E-AA6E-74CCA7BA74D7}.Debug|Any CPU.Build.0 = Debug|Any CPU
		{6CD09DAA-9A36-4F9E-AA6E-74CCA7BA74D7}.Debug|Mixed Platforms.ActiveCfg = Debug|Any CPU
		{6CD09DAA-9A36-4F9E-AA6E-74CCA7BA74D7}.Debug|Mixed Platforms.Build.0 = Debug|Any CPU
		{6CD09DAA-9A36-4F9E-AA6E-74CCA7BA74D7}.Debug|x86.ActiveCfg = Debug|Any CPU
		{6CD09DAA-9A36-4F9E-AA6E-74CCA7BA74D7}.DebugILMerge|Any CPU.ActiveCfg = Debug|Any CPU
		{6CD09DAA-9A36-4F9E-AA6E-74CCA7BA74D7}.DebugILMerge|Any CPU.Build.0 = Debug|Any CPU
		{6CD09DAA-9A36-4F9E-AA6E-74CCA7BA74D7}.DebugILMerge|Mixed Platforms.ActiveCfg = Debug|Any CPU
		{6CD09DAA-9A36-4F9E-AA6E-74CCA7BA74D7}.DebugILMerge|Mixed Platforms.Build.0 = Debug|Any CPU
		{6CD09DAA-9A36-4F9E-AA6E-74CCA7BA74D7}.DebugILMerge|x86.ActiveCfg = Debug|Any CPU
		{6CD09DAA-9A36-4F9E-AA6E-74CCA7BA74D7}.Release|Any CPU.ActiveCfg = Release|Any CPU
		{6CD09DAA-9A36-4F9E-AA6E-74CCA7BA74D7}.Release|Any CPU.Build.0 = Release|Any CPU
		{6CD09DAA-9A36-4F9E-AA6E-74CCA7BA74D7}.Release|Mixed Platforms.ActiveCfg = Release|Any CPU
		{6CD09DAA-9A36-4F9E-AA6E-74CCA7BA74D7}.Release|Mixed Platforms.Build.0 = Release|Any CPU
		{6CD09DAA-9A36-4F9E-AA6E-74CCA7BA74D7}.Release|x86.ActiveCfg = Release|Any CPU
		{6CD09DAA-9A36-4F9E-AA6E-74CCA7BA74D7}.ReleaseILMerge|Any CPU.ActiveCfg = Release|Any CPU
		{6CD09DAA-9A36-4F9E-AA6E-74CCA7BA74D7}.ReleaseILMerge|Any CPU.Build.0 = Release|Any CPU
		{6CD09DAA-9A36-4F9E-AA6E-74CCA7BA74D7}.ReleaseILMerge|Mixed Platforms.ActiveCfg = Release|Any CPU
		{6CD09DAA-9A36-4F9E-AA6E-74CCA7BA74D7}.ReleaseILMerge|Mixed Platforms.Build.0 = Release|Any CPU
		{6CD09DAA-9A36-4F9E-AA6E-74CCA7BA74D7}.ReleaseILMerge|x86.ActiveCfg = Release|Any CPU
		{B01309F0-BE2B-483D-AA20-A3D4D0C231EF}.Debug|Any CPU.ActiveCfg = Debug|Any CPU
		{B01309F0-BE2B-483D-AA20-A3D4D0C231EF}.Debug|Any CPU.Build.0 = Debug|Any CPU
		{B01309F0-BE2B-483D-AA20-A3D4D0C231EF}.Debug|Mixed Platforms.ActiveCfg = Debug|Any CPU
		{B01309F0-BE2B-483D-AA20-A3D4D0C231EF}.Debug|Mixed Platforms.Build.0 = Debug|Any CPU
		{B01309F0-BE2B-483D-AA20-A3D4D0C231EF}.Debug|x86.ActiveCfg = Debug|Any CPU
		{B01309F0-BE2B-483D-AA20-A3D4D0C231EF}.DebugILMerge|Any CPU.ActiveCfg = Debug|Any CPU
		{B01309F0-BE2B-483D-AA20-A3D4D0C231EF}.DebugILMerge|Any CPU.Build.0 = Debug|Any CPU
		{B01309F0-BE2B-483D-AA20-A3D4D0C231EF}.DebugILMerge|Mixed Platforms.ActiveCfg = Debug|Any CPU
		{B01309F0-BE2B-483D-AA20-A3D4D0C231EF}.DebugILMerge|Mixed Platforms.Build.0 = Debug|Any CPU
		{B01309F0-BE2B-483D-AA20-A3D4D0C231EF}.DebugILMerge|x86.ActiveCfg = Debug|Any CPU
		{B01309F0-BE2B-483D-AA20-A3D4D0C231EF}.Release|Any CPU.ActiveCfg = Release|Any CPU
		{B01309F0-BE2B-483D-AA20-A3D4D0C231EF}.Release|Any CPU.Build.0 = Release|Any CPU
		{B01309F0-BE2B-483D-AA20-A3D4D0C231EF}.Release|Mixed Platforms.ActiveCfg = Release|Any CPU
		{B01309F0-BE2B-483D-AA20-A3D4D0C231EF}.Release|Mixed Platforms.Build.0 = Release|Any CPU
		{B01309F0-BE2B-483D-AA20-A3D4D0C231EF}.Release|x86.ActiveCfg = Release|Any CPU
		{B01309F0-BE2B-483D-AA20-A3D4D0C231EF}.ReleaseILMerge|Any CPU.ActiveCfg = Release|Any CPU
		{B01309F0-BE2B-483D-AA20-A3D4D0C231EF}.ReleaseILMerge|Any CPU.Build.0 = Release|Any CPU
		{B01309F0-BE2B-483D-AA20-A3D4D0C231EF}.ReleaseILMerge|Mixed Platforms.ActiveCfg = Release|Any CPU
		{B01309F0-BE2B-483D-AA20-A3D4D0C231EF}.ReleaseILMerge|Mixed Platforms.Build.0 = Release|Any CPU
		{B01309F0-BE2B-483D-AA20-A3D4D0C231EF}.ReleaseILMerge|x86.ActiveCfg = Release|Any CPU
		{EB305BE1-A19D-4C26-82FC-8062B66029DF}.Debug|Any CPU.ActiveCfg = Debug|Any CPU
		{EB305BE1-A19D-4C26-82FC-8062B66029DF}.Debug|Any CPU.Build.0 = Debug|Any CPU
		{EB305BE1-A19D-4C26-82FC-8062B66029DF}.Debug|Mixed Platforms.ActiveCfg = Debug|Any CPU
		{EB305BE1-A19D-4C26-82FC-8062B66029DF}.Debug|Mixed Platforms.Build.0 = Debug|Any CPU
		{EB305BE1-A19D-4C26-82FC-8062B66029DF}.Debug|x86.ActiveCfg = Debug|Any CPU
		{EB305BE1-A19D-4C26-82FC-8062B66029DF}.DebugILMerge|Any CPU.ActiveCfg = Debug|Any CPU
		{EB305BE1-A19D-4C26-82FC-8062B66029DF}.DebugILMerge|Any CPU.Build.0 = Debug|Any CPU
		{EB305BE1-A19D-4C26-82FC-8062B66029DF}.DebugILMerge|Mixed Platforms.ActiveCfg = Debug|Any CPU
		{EB305BE1-A19D-4C26-82FC-8062B66029DF}.DebugILMerge|Mixed Platforms.Build.0 = Debug|Any CPU
		{EB305BE1-A19D-4C26-82FC-8062B66029DF}.DebugILMerge|x86.ActiveCfg = Debug|Any CPU
		{EB305BE1-A19D-4C26-82FC-8062B66029DF}.Release|Any CPU.ActiveCfg = Release|Any CPU
		{EB305BE1-A19D-4C26-82FC-8062B66029DF}.Release|Any CPU.Build.0 = Release|Any CPU
		{EB305BE1-A19D-4C26-82FC-8062B66029DF}.Release|Mixed Platforms.ActiveCfg = Release|Any CPU
		{EB305BE1-A19D-4C26-82FC-8062B66029DF}.Release|Mixed Platforms.Build.0 = Release|Any CPU
		{EB305BE1-A19D-4C26-82FC-8062B66029DF}.Release|x86.ActiveCfg = Release|Any CPU
		{EB305BE1-A19D-4C26-82FC-8062B66029DF}.ReleaseILMerge|Any CPU.ActiveCfg = Release|Any CPU
		{EB305BE1-A19D-4C26-82FC-8062B66029DF}.ReleaseILMerge|Any CPU.Build.0 = Release|Any CPU
		{EB305BE1-A19D-4C26-82FC-8062B66029DF}.ReleaseILMerge|Mixed Platforms.ActiveCfg = Release|Any CPU
		{EB305BE1-A19D-4C26-82FC-8062B66029DF}.ReleaseILMerge|Mixed Platforms.Build.0 = Release|Any CPU
		{EB305BE1-A19D-4C26-82FC-8062B66029DF}.ReleaseILMerge|x86.ActiveCfg = Release|Any CPU
		{C5308688-9C0C-4AB7-874C-D61C23231FEA}.Debug|Any CPU.ActiveCfg = Debug|Any CPU
		{C5308688-9C0C-4AB7-874C-D61C23231FEA}.Debug|Any CPU.Build.0 = Debug|Any CPU
		{C5308688-9C0C-4AB7-874C-D61C23231FEA}.Debug|Mixed Platforms.ActiveCfg = Debug|Any CPU
		{C5308688-9C0C-4AB7-874C-D61C23231FEA}.Debug|Mixed Platforms.Build.0 = Debug|Any CPU
		{C5308688-9C0C-4AB7-874C-D61C23231FEA}.Debug|x86.ActiveCfg = Debug|Any CPU
		{C5308688-9C0C-4AB7-874C-D61C23231FEA}.DebugILMerge|Any CPU.ActiveCfg = Debug|Any CPU
		{C5308688-9C0C-4AB7-874C-D61C23231FEA}.DebugILMerge|Any CPU.Build.0 = Debug|Any CPU
		{C5308688-9C0C-4AB7-874C-D61C23231FEA}.DebugILMerge|Mixed Platforms.ActiveCfg = Debug|Any CPU
		{C5308688-9C0C-4AB7-874C-D61C23231FEA}.DebugILMerge|Mixed Platforms.Build.0 = Debug|Any CPU
		{C5308688-9C0C-4AB7-874C-D61C23231FEA}.DebugILMerge|x86.ActiveCfg = Debug|Any CPU
		{C5308688-9C0C-4AB7-874C-D61C23231FEA}.Release|Any CPU.ActiveCfg = Release|Any CPU
		{C5308688-9C0C-4AB7-874C-D61C23231FEA}.Release|Any CPU.Build.0 = Release|Any CPU
		{C5308688-9C0C-4AB7-874C-D61C23231FEA}.Release|Mixed Platforms.ActiveCfg = Release|Any CPU
		{C5308688-9C0C-4AB7-874C-D61C23231FEA}.Release|Mixed Platforms.Build.0 = Release|Any CPU
		{C5308688-9C0C-4AB7-874C-D61C23231FEA}.Release|x86.ActiveCfg = Release|Any CPU
		{C5308688-9C0C-4AB7-874C-D61C23231FEA}.ReleaseILMerge|Any CPU.ActiveCfg = Release|Any CPU
		{C5308688-9C0C-4AB7-874C-D61C23231FEA}.ReleaseILMerge|Any CPU.Build.0 = Release|Any CPU
		{C5308688-9C0C-4AB7-874C-D61C23231FEA}.ReleaseILMerge|Mixed Platforms.ActiveCfg = Release|Any CPU
		{C5308688-9C0C-4AB7-874C-D61C23231FEA}.ReleaseILMerge|Mixed Platforms.Build.0 = Release|Any CPU
		{C5308688-9C0C-4AB7-874C-D61C23231FEA}.ReleaseILMerge|x86.ActiveCfg = Release|Any CPU
		{B3C0A168-84E0-43FE-9B19-D31A0B4A46D1}.Debug|Any CPU.ActiveCfg = Debug|Any CPU
		{B3C0A168-84E0-43FE-9B19-D31A0B4A46D1}.Debug|Any CPU.Build.0 = Debug|Any CPU
		{B3C0A168-84E0-43FE-9B19-D31A0B4A46D1}.Debug|Mixed Platforms.ActiveCfg = Debug|Any CPU
		{B3C0A168-84E0-43FE-9B19-D31A0B4A46D1}.Debug|Mixed Platforms.Build.0 = Debug|Any CPU
		{B3C0A168-84E0-43FE-9B19-D31A0B4A46D1}.Debug|x86.ActiveCfg = Debug|Any CPU
		{B3C0A168-84E0-43FE-9B19-D31A0B4A46D1}.DebugILMerge|Any CPU.ActiveCfg = Debug|Any CPU
		{B3C0A168-84E0-43FE-9B19-D31A0B4A46D1}.DebugILMerge|Any CPU.Build.0 = Debug|Any CPU
		{B3C0A168-84E0-43FE-9B19-D31A0B4A46D1}.DebugILMerge|Mixed Platforms.ActiveCfg = Debug|Any CPU
		{B3C0A168-84E0-43FE-9B19-D31A0B4A46D1}.DebugILMerge|Mixed Platforms.Build.0 = Debug|Any CPU
		{B3C0A168-84E0-43FE-9B19-D31A0B4A46D1}.DebugILMerge|x86.ActiveCfg = Debug|Any CPU
		{B3C0A168-84E0-43FE-9B19-D31A0B4A46D1}.Release|Any CPU.ActiveCfg = Release|Any CPU
		{B3C0A168-84E0-43FE-9B19-D31A0B4A46D1}.Release|Any CPU.Build.0 = Release|Any CPU
		{B3C0A168-84E0-43FE-9B19-D31A0B4A46D1}.Release|Mixed Platforms.ActiveCfg = Release|Any CPU
		{B3C0A168-84E0-43FE-9B19-D31A0B4A46D1}.Release|Mixed Platforms.Build.0 = Release|Any CPU
		{B3C0A168-84E0-43FE-9B19-D31A0B4A46D1}.Release|x86.ActiveCfg = Release|Any CPU
		{B3C0A168-84E0-43FE-9B19-D31A0B4A46D1}.ReleaseILMerge|Any CPU.ActiveCfg = Release|Any CPU
		{B3C0A168-84E0-43FE-9B19-D31A0B4A46D1}.ReleaseILMerge|Any CPU.Build.0 = Release|Any CPU
		{B3C0A168-84E0-43FE-9B19-D31A0B4A46D1}.ReleaseILMerge|Mixed Platforms.ActiveCfg = Release|Any CPU
		{B3C0A168-84E0-43FE-9B19-D31A0B4A46D1}.ReleaseILMerge|Mixed Platforms.Build.0 = Release|Any CPU
		{B3C0A168-84E0-43FE-9B19-D31A0B4A46D1}.ReleaseILMerge|x86.ActiveCfg = Release|Any CPU
		{45961A48-E08D-4BFD-A306-B423F230C090}.Debug|Any CPU.ActiveCfg = Debug|Any CPU
		{45961A48-E08D-4BFD-A306-B423F230C090}.Debug|Any CPU.Build.0 = Debug|Any CPU
		{45961A48-E08D-4BFD-A306-B423F230C090}.Debug|Mixed Platforms.ActiveCfg = Debug|Any CPU
		{45961A48-E08D-4BFD-A306-B423F230C090}.Debug|Mixed Platforms.Build.0 = Debug|Any CPU
		{45961A48-E08D-4BFD-A306-B423F230C090}.Debug|x86.ActiveCfg = Debug|Any CPU
		{45961A48-E08D-4BFD-A306-B423F230C090}.DebugILMerge|Any CPU.ActiveCfg = Debug|Any CPU
		{45961A48-E08D-4BFD-A306-B423F230C090}.DebugILMerge|Any CPU.Build.0 = Debug|Any CPU
		{45961A48-E08D-4BFD-A306-B423F230C090}.DebugILMerge|Mixed Platforms.ActiveCfg = Debug|Any CPU
		{45961A48-E08D-4BFD-A306-B423F230C090}.DebugILMerge|Mixed Platforms.Build.0 = Debug|Any CPU
		{45961A48-E08D-4BFD-A306-B423F230C090}.DebugILMerge|x86.ActiveCfg = Debug|Any CPU
		{45961A48-E08D-4BFD-A306-B423F230C090}.Release|Any CPU.ActiveCfg = Release|Any CPU
		{45961A48-E08D-4BFD-A306-B423F230C090}.Release|Any CPU.Build.0 = Release|Any CPU
		{45961A48-E08D-4BFD-A306-B423F230C090}.Release|Mixed Platforms.ActiveCfg = Release|Any CPU
		{45961A48-E08D-4BFD-A306-B423F230C090}.Release|Mixed Platforms.Build.0 = Release|Any CPU
		{45961A48-E08D-4BFD-A306-B423F230C090}.Release|x86.ActiveCfg = Release|Any CPU
		{45961A48-E08D-4BFD-A306-B423F230C090}.ReleaseILMerge|Any CPU.ActiveCfg = Release|Any CPU
		{45961A48-E08D-4BFD-A306-B423F230C090}.ReleaseILMerge|Any CPU.Build.0 = Release|Any CPU
		{45961A48-E08D-4BFD-A306-B423F230C090}.ReleaseILMerge|Mixed Platforms.ActiveCfg = Release|Any CPU
		{45961A48-E08D-4BFD-A306-B423F230C090}.ReleaseILMerge|Mixed Platforms.Build.0 = Release|Any CPU
		{45961A48-E08D-4BFD-A306-B423F230C090}.ReleaseILMerge|x86.ActiveCfg = Release|Any CPU
		{ADD2B8B9-06E5-4E0E-8F2D-CC9D8F8A7C90}.Debug|Any CPU.ActiveCfg = Debug|Any CPU
		{ADD2B8B9-06E5-4E0E-8F2D-CC9D8F8A7C90}.Debug|Any CPU.Build.0 = Debug|Any CPU
		{ADD2B8B9-06E5-4E0E-8F2D-CC9D8F8A7C90}.Debug|Mixed Platforms.ActiveCfg = Debug|Any CPU
		{ADD2B8B9-06E5-4E0E-8F2D-CC9D8F8A7C90}.Debug|Mixed Platforms.Build.0 = Debug|Any CPU
		{ADD2B8B9-06E5-4E0E-8F2D-CC9D8F8A7C90}.Debug|x86.ActiveCfg = Debug|Any CPU
		{ADD2B8B9-06E5-4E0E-8F2D-CC9D8F8A7C90}.DebugILMerge|Any CPU.ActiveCfg = Debug|Any CPU
		{ADD2B8B9-06E5-4E0E-8F2D-CC9D8F8A7C90}.DebugILMerge|Any CPU.Build.0 = Debug|Any CPU
		{ADD2B8B9-06E5-4E0E-8F2D-CC9D8F8A7C90}.DebugILMerge|Mixed Platforms.ActiveCfg = Debug|Any CPU
		{ADD2B8B9-06E5-4E0E-8F2D-CC9D8F8A7C90}.DebugILMerge|Mixed Platforms.Build.0 = Debug|Any CPU
		{ADD2B8B9-06E5-4E0E-8F2D-CC9D8F8A7C90}.DebugILMerge|x86.ActiveCfg = Debug|Any CPU
		{ADD2B8B9-06E5-4E0E-8F2D-CC9D8F8A7C90}.Release|Any CPU.ActiveCfg = Release|Any CPU
		{ADD2B8B9-06E5-4E0E-8F2D-CC9D8F8A7C90}.Release|Any CPU.Build.0 = Release|Any CPU
		{ADD2B8B9-06E5-4E0E-8F2D-CC9D8F8A7C90}.Release|Mixed Platforms.ActiveCfg = Release|Any CPU
		{ADD2B8B9-06E5-4E0E-8F2D-CC9D8F8A7C90}.Release|Mixed Platforms.Build.0 = Release|Any CPU
		{ADD2B8B9-06E5-4E0E-8F2D-CC9D8F8A7C90}.Release|x86.ActiveCfg = Release|Any CPU
		{ADD2B8B9-06E5-4E0E-8F2D-CC9D8F8A7C90}.ReleaseILMerge|Any CPU.ActiveCfg = Release|Any CPU
		{ADD2B8B9-06E5-4E0E-8F2D-CC9D8F8A7C90}.ReleaseILMerge|Any CPU.Build.0 = Release|Any CPU
		{ADD2B8B9-06E5-4E0E-8F2D-CC9D8F8A7C90}.ReleaseILMerge|Mixed Platforms.ActiveCfg = Release|Any CPU
		{ADD2B8B9-06E5-4E0E-8F2D-CC9D8F8A7C90}.ReleaseILMerge|Mixed Platforms.Build.0 = Release|Any CPU
		{ADD2B8B9-06E5-4E0E-8F2D-CC9D8F8A7C90}.ReleaseILMerge|x86.ActiveCfg = Release|Any CPU
		{E420B602-2D19-49AA-A9BB-E3278A1BA86D}.Debug|Any CPU.ActiveCfg = Debug|Any CPU
		{E420B602-2D19-49AA-A9BB-E3278A1BA86D}.Debug|Any CPU.Build.0 = Debug|Any CPU
		{E420B602-2D19-49AA-A9BB-E3278A1BA86D}.Debug|Mixed Platforms.ActiveCfg = Debug|Any CPU
		{E420B602-2D19-49AA-A9BB-E3278A1BA86D}.Debug|Mixed Platforms.Build.0 = Debug|Any CPU
		{E420B602-2D19-49AA-A9BB-E3278A1BA86D}.Debug|x86.ActiveCfg = Debug|Any CPU
		{E420B602-2D19-49AA-A9BB-E3278A1BA86D}.DebugILMerge|Any CPU.ActiveCfg = Debug|Any CPU
		{E420B602-2D19-49AA-A9BB-E3278A1BA86D}.DebugILMerge|Any CPU.Build.0 = Debug|Any CPU
		{E420B602-2D19-49AA-A9BB-E3278A1BA86D}.DebugILMerge|Mixed Platforms.ActiveCfg = Debug|Any CPU
		{E420B602-2D19-49AA-A9BB-E3278A1BA86D}.DebugILMerge|Mixed Platforms.Build.0 = Debug|Any CPU
		{E420B602-2D19-49AA-A9BB-E3278A1BA86D}.DebugILMerge|x86.ActiveCfg = Debug|Any CPU
		{E420B602-2D19-49AA-A9BB-E3278A1BA86D}.Release|Any CPU.ActiveCfg = Release|Any CPU
		{E420B602-2D19-49AA-A9BB-E3278A1BA86D}.Release|Any CPU.Build.0 = Release|Any CPU
		{E420B602-2D19-49AA-A9BB-E3278A1BA86D}.Release|Mixed Platforms.ActiveCfg = Release|Any CPU
		{E420B602-2D19-49AA-A9BB-E3278A1BA86D}.Release|Mixed Platforms.Build.0 = Release|Any CPU
		{E420B602-2D19-49AA-A9BB-E3278A1BA86D}.Release|x86.ActiveCfg = Release|Any CPU
		{E420B602-2D19-49AA-A9BB-E3278A1BA86D}.ReleaseILMerge|Any CPU.ActiveCfg = Release|Any CPU
		{E420B602-2D19-49AA-A9BB-E3278A1BA86D}.ReleaseILMerge|Any CPU.Build.0 = Release|Any CPU
		{E420B602-2D19-49AA-A9BB-E3278A1BA86D}.ReleaseILMerge|Mixed Platforms.ActiveCfg = Release|Any CPU
		{E420B602-2D19-49AA-A9BB-E3278A1BA86D}.ReleaseILMerge|Mixed Platforms.Build.0 = Release|Any CPU
		{E420B602-2D19-49AA-A9BB-E3278A1BA86D}.ReleaseILMerge|x86.ActiveCfg = Release|Any CPU
		{13719D92-1625-4D1F-A900-FF9120056292}.Debug|Any CPU.ActiveCfg = Debug|Any CPU
		{13719D92-1625-4D1F-A900-FF9120056292}.Debug|Any CPU.Build.0 = Debug|Any CPU
		{13719D92-1625-4D1F-A900-FF9120056292}.Debug|Mixed Platforms.ActiveCfg = Debug|Any CPU
		{13719D92-1625-4D1F-A900-FF9120056292}.Debug|Mixed Platforms.Build.0 = Debug|Any CPU
		{13719D92-1625-4D1F-A900-FF9120056292}.Debug|x86.ActiveCfg = Debug|Any CPU
		{13719D92-1625-4D1F-A900-FF9120056292}.DebugILMerge|Any CPU.ActiveCfg = Debug|Any CPU
		{13719D92-1625-4D1F-A900-FF9120056292}.DebugILMerge|Any CPU.Build.0 = Debug|Any CPU
		{13719D92-1625-4D1F-A900-FF9120056292}.DebugILMerge|Mixed Platforms.ActiveCfg = Debug|Any CPU
		{13719D92-1625-4D1F-A900-FF9120056292}.DebugILMerge|Mixed Platforms.Build.0 = Debug|Any CPU
		{13719D92-1625-4D1F-A900-FF9120056292}.DebugILMerge|x86.ActiveCfg = Debug|Any CPU
		{13719D92-1625-4D1F-A900-FF9120056292}.Release|Any CPU.ActiveCfg = Release|Any CPU
		{13719D92-1625-4D1F-A900-FF9120056292}.Release|Any CPU.Build.0 = Release|Any CPU
		{13719D92-1625-4D1F-A900-FF9120056292}.Release|Mixed Platforms.ActiveCfg = Release|Any CPU
		{13719D92-1625-4D1F-A900-FF9120056292}.Release|Mixed Platforms.Build.0 = Release|Any CPU
		{13719D92-1625-4D1F-A900-FF9120056292}.Release|x86.ActiveCfg = Release|Any CPU
		{13719D92-1625-4D1F-A900-FF9120056292}.ReleaseILMerge|Any CPU.ActiveCfg = Release|Any CPU
		{13719D92-1625-4D1F-A900-FF9120056292}.ReleaseILMerge|Any CPU.Build.0 = Release|Any CPU
		{13719D92-1625-4D1F-A900-FF9120056292}.ReleaseILMerge|Mixed Platforms.ActiveCfg = Release|Any CPU
		{13719D92-1625-4D1F-A900-FF9120056292}.ReleaseILMerge|Mixed Platforms.Build.0 = Release|Any CPU
		{13719D92-1625-4D1F-A900-FF9120056292}.ReleaseILMerge|x86.ActiveCfg = Release|Any CPU
		{9B15BC83-8499-4E15-A083-4A76B5BF2D86}.Debug|Any CPU.ActiveCfg = Debug|Any CPU
		{9B15BC83-8499-4E15-A083-4A76B5BF2D86}.Debug|Any CPU.Build.0 = Debug|Any CPU
		{9B15BC83-8499-4E15-A083-4A76B5BF2D86}.Debug|Mixed Platforms.ActiveCfg = Debug|Any CPU
		{9B15BC83-8499-4E15-A083-4A76B5BF2D86}.Debug|Mixed Platforms.Build.0 = Debug|Any CPU
		{9B15BC83-8499-4E15-A083-4A76B5BF2D86}.Debug|x86.ActiveCfg = Debug|Any CPU
		{9B15BC83-8499-4E15-A083-4A76B5BF2D86}.DebugILMerge|Any CPU.ActiveCfg = Debug|Any CPU
		{9B15BC83-8499-4E15-A083-4A76B5BF2D86}.DebugILMerge|Any CPU.Build.0 = Debug|Any CPU
		{9B15BC83-8499-4E15-A083-4A76B5BF2D86}.DebugILMerge|Mixed Platforms.ActiveCfg = Debug|Any CPU
		{9B15BC83-8499-4E15-A083-4A76B5BF2D86}.DebugILMerge|Mixed Platforms.Build.0 = Debug|Any CPU
		{9B15BC83-8499-4E15-A083-4A76B5BF2D86}.DebugILMerge|x86.ActiveCfg = Debug|Any CPU
		{9B15BC83-8499-4E15-A083-4A76B5BF2D86}.Release|Any CPU.ActiveCfg = Release|Any CPU
		{9B15BC83-8499-4E15-A083-4A76B5BF2D86}.Release|Any CPU.Build.0 = Release|Any CPU
		{9B15BC83-8499-4E15-A083-4A76B5BF2D86}.Release|Mixed Platforms.ActiveCfg = Release|Any CPU
		{9B15BC83-8499-4E15-A083-4A76B5BF2D86}.Release|Mixed Platforms.Build.0 = Release|Any CPU
		{9B15BC83-8499-4E15-A083-4A76B5BF2D86}.Release|x86.ActiveCfg = Release|Any CPU
		{9B15BC83-8499-4E15-A083-4A76B5BF2D86}.ReleaseILMerge|Any CPU.ActiveCfg = Release|Any CPU
		{9B15BC83-8499-4E15-A083-4A76B5BF2D86}.ReleaseILMerge|Any CPU.Build.0 = Release|Any CPU
		{9B15BC83-8499-4E15-A083-4A76B5BF2D86}.ReleaseILMerge|Mixed Platforms.ActiveCfg = Release|Any CPU
		{9B15BC83-8499-4E15-A083-4A76B5BF2D86}.ReleaseILMerge|Mixed Platforms.Build.0 = Release|Any CPU
		{9B15BC83-8499-4E15-A083-4A76B5BF2D86}.ReleaseILMerge|x86.ActiveCfg = Release|Any CPU
		{1D8F6DC3-DB1A-460B-80AB-2B21A7B5588B}.Debug|Any CPU.ActiveCfg = Debug|Any CPU
		{1D8F6DC3-DB1A-460B-80AB-2B21A7B5588B}.Debug|Any CPU.Build.0 = Debug|Any CPU
		{1D8F6DC3-DB1A-460B-80AB-2B21A7B5588B}.Debug|Mixed Platforms.ActiveCfg = Debug|Any CPU
		{1D8F6DC3-DB1A-460B-80AB-2B21A7B5588B}.Debug|Mixed Platforms.Build.0 = Debug|Any CPU
		{1D8F6DC3-DB1A-460B-80AB-2B21A7B5588B}.Debug|x86.ActiveCfg = Debug|Any CPU
		{1D8F6DC3-DB1A-460B-80AB-2B21A7B5588B}.DebugILMerge|Any CPU.ActiveCfg = Debug|Any CPU
		{1D8F6DC3-DB1A-460B-80AB-2B21A7B5588B}.DebugILMerge|Any CPU.Build.0 = Debug|Any CPU
		{1D8F6DC3-DB1A-460B-80AB-2B21A7B5588B}.DebugILMerge|Mixed Platforms.ActiveCfg = Debug|Any CPU
		{1D8F6DC3-DB1A-460B-80AB-2B21A7B5588B}.DebugILMerge|Mixed Platforms.Build.0 = Debug|Any CPU
		{1D8F6DC3-DB1A-460B-80AB-2B21A7B5588B}.DebugILMerge|x86.ActiveCfg = Debug|Any CPU
		{1D8F6DC3-DB1A-460B-80AB-2B21A7B5588B}.Release|Any CPU.ActiveCfg = Release|Any CPU
		{1D8F6DC3-DB1A-460B-80AB-2B21A7B5588B}.Release|Any CPU.Build.0 = Release|Any CPU
		{1D8F6DC3-DB1A-460B-80AB-2B21A7B5588B}.Release|Mixed Platforms.ActiveCfg = Release|Any CPU
		{1D8F6DC3-DB1A-460B-80AB-2B21A7B5588B}.Release|Mixed Platforms.Build.0 = Release|Any CPU
		{1D8F6DC3-DB1A-460B-80AB-2B21A7B5588B}.Release|x86.ActiveCfg = Release|Any CPU
		{1D8F6DC3-DB1A-460B-80AB-2B21A7B5588B}.ReleaseILMerge|Any CPU.ActiveCfg = Release|Any CPU
		{1D8F6DC3-DB1A-460B-80AB-2B21A7B5588B}.ReleaseILMerge|Any CPU.Build.0 = Release|Any CPU
		{1D8F6DC3-DB1A-460B-80AB-2B21A7B5588B}.ReleaseILMerge|Mixed Platforms.ActiveCfg = Release|Any CPU
		{1D8F6DC3-DB1A-460B-80AB-2B21A7B5588B}.ReleaseILMerge|Mixed Platforms.Build.0 = Release|Any CPU
		{1D8F6DC3-DB1A-460B-80AB-2B21A7B5588B}.ReleaseILMerge|x86.ActiveCfg = Release|Any CPU
		{400417C2-6926-4087-BF70-E69D41A4EC9B}.Debug|Any CPU.ActiveCfg = Debug|Any CPU
		{400417C2-6926-4087-BF70-E69D41A4EC9B}.Debug|Any CPU.Build.0 = Debug|Any CPU
		{400417C2-6926-4087-BF70-E69D41A4EC9B}.Debug|Mixed Platforms.ActiveCfg = Debug|Any CPU
		{400417C2-6926-4087-BF70-E69D41A4EC9B}.Debug|Mixed Platforms.Build.0 = Debug|Any CPU
		{400417C2-6926-4087-BF70-E69D41A4EC9B}.Debug|x86.ActiveCfg = Debug|Any CPU
		{400417C2-6926-4087-BF70-E69D41A4EC9B}.DebugILMerge|Any CPU.ActiveCfg = Debug|Any CPU
		{400417C2-6926-4087-BF70-E69D41A4EC9B}.DebugILMerge|Any CPU.Build.0 = Debug|Any CPU
		{400417C2-6926-4087-BF70-E69D41A4EC9B}.DebugILMerge|Mixed Platforms.ActiveCfg = Debug|Any CPU
		{400417C2-6926-4087-BF70-E69D41A4EC9B}.DebugILMerge|Mixed Platforms.Build.0 = Debug|Any CPU
		{400417C2-6926-4087-BF70-E69D41A4EC9B}.DebugILMerge|x86.ActiveCfg = Debug|Any CPU
		{400417C2-6926-4087-BF70-E69D41A4EC9B}.Release|Any CPU.ActiveCfg = Release|Any CPU
		{400417C2-6926-4087-BF70-E69D41A4EC9B}.Release|Any CPU.Build.0 = Release|Any CPU
		{400417C2-6926-4087-BF70-E69D41A4EC9B}.Release|Mixed Platforms.ActiveCfg = Release|Any CPU
		{400417C2-6926-4087-BF70-E69D41A4EC9B}.Release|Mixed Platforms.Build.0 = Release|Any CPU
		{400417C2-6926-4087-BF70-E69D41A4EC9B}.Release|x86.ActiveCfg = Release|Any CPU
		{400417C2-6926-4087-BF70-E69D41A4EC9B}.ReleaseILMerge|Any CPU.ActiveCfg = Release|Any CPU
		{400417C2-6926-4087-BF70-E69D41A4EC9B}.ReleaseILMerge|Any CPU.Build.0 = Release|Any CPU
		{400417C2-6926-4087-BF70-E69D41A4EC9B}.ReleaseILMerge|Mixed Platforms.ActiveCfg = Release|Any CPU
		{400417C2-6926-4087-BF70-E69D41A4EC9B}.ReleaseILMerge|Mixed Platforms.Build.0 = Release|Any CPU
		{400417C2-6926-4087-BF70-E69D41A4EC9B}.ReleaseILMerge|x86.ActiveCfg = Release|Any CPU
		{930772BF-0926-4AC1-AB7E-AD9168B20ED3}.Debug|Any CPU.ActiveCfg = Debug|Any CPU
		{930772BF-0926-4AC1-AB7E-AD9168B20ED3}.Debug|Any CPU.Build.0 = Debug|Any CPU
		{930772BF-0926-4AC1-AB7E-AD9168B20ED3}.Debug|Mixed Platforms.ActiveCfg = Debug|Any CPU
		{930772BF-0926-4AC1-AB7E-AD9168B20ED3}.Debug|Mixed Platforms.Build.0 = Debug|Any CPU
		{930772BF-0926-4AC1-AB7E-AD9168B20ED3}.Debug|x86.ActiveCfg = Debug|Any CPU
		{930772BF-0926-4AC1-AB7E-AD9168B20ED3}.DebugILMerge|Any CPU.ActiveCfg = Debug|Any CPU
		{930772BF-0926-4AC1-AB7E-AD9168B20ED3}.DebugILMerge|Any CPU.Build.0 = Debug|Any CPU
		{930772BF-0926-4AC1-AB7E-AD9168B20ED3}.DebugILMerge|Mixed Platforms.ActiveCfg = Debug|Any CPU
		{930772BF-0926-4AC1-AB7E-AD9168B20ED3}.DebugILMerge|Mixed Platforms.Build.0 = Debug|Any CPU
		{930772BF-0926-4AC1-AB7E-AD9168B20ED3}.DebugILMerge|x86.ActiveCfg = Debug|Any CPU
		{930772BF-0926-4AC1-AB7E-AD9168B20ED3}.Release|Any CPU.ActiveCfg = Release|Any CPU
		{930772BF-0926-4AC1-AB7E-AD9168B20ED3}.Release|Any CPU.Build.0 = Release|Any CPU
		{930772BF-0926-4AC1-AB7E-AD9168B20ED3}.Release|Mixed Platforms.ActiveCfg = Release|Any CPU
		{930772BF-0926-4AC1-AB7E-AD9168B20ED3}.Release|Mixed Platforms.Build.0 = Release|Any CPU
		{930772BF-0926-4AC1-AB7E-AD9168B20ED3}.Release|x86.ActiveCfg = Release|Any CPU
		{930772BF-0926-4AC1-AB7E-AD9168B20ED3}.ReleaseILMerge|Any CPU.ActiveCfg = Release|Any CPU
		{930772BF-0926-4AC1-AB7E-AD9168B20ED3}.ReleaseILMerge|Any CPU.Build.0 = Release|Any CPU
		{930772BF-0926-4AC1-AB7E-AD9168B20ED3}.ReleaseILMerge|Mixed Platforms.ActiveCfg = Release|Any CPU
		{930772BF-0926-4AC1-AB7E-AD9168B20ED3}.ReleaseILMerge|Mixed Platforms.Build.0 = Release|Any CPU
		{930772BF-0926-4AC1-AB7E-AD9168B20ED3}.ReleaseILMerge|x86.ActiveCfg = Release|Any CPU
		{FB7BB109-42C7-4288-A9CA-339502D36358}.Debug|Any CPU.ActiveCfg = Debug|Any CPU
		{FB7BB109-42C7-4288-A9CA-339502D36358}.Debug|Any CPU.Build.0 = Debug|Any CPU
		{FB7BB109-42C7-4288-A9CA-339502D36358}.Debug|Mixed Platforms.ActiveCfg = Debug|Any CPU
		{FB7BB109-42C7-4288-A9CA-339502D36358}.Debug|Mixed Platforms.Build.0 = Debug|Any CPU
		{FB7BB109-42C7-4288-A9CA-339502D36358}.Debug|x86.ActiveCfg = Debug|Any CPU
		{FB7BB109-42C7-4288-A9CA-339502D36358}.DebugILMerge|Any CPU.ActiveCfg = Debug|Any CPU
		{FB7BB109-42C7-4288-A9CA-339502D36358}.DebugILMerge|Any CPU.Build.0 = Debug|Any CPU
		{FB7BB109-42C7-4288-A9CA-339502D36358}.DebugILMerge|Mixed Platforms.ActiveCfg = Debug|Any CPU
		{FB7BB109-42C7-4288-A9CA-339502D36358}.DebugILMerge|Mixed Platforms.Build.0 = Debug|Any CPU
		{FB7BB109-42C7-4288-A9CA-339502D36358}.DebugILMerge|x86.ActiveCfg = Debug|Any CPU
		{FB7BB109-42C7-4288-A9CA-339502D36358}.Release|Any CPU.ActiveCfg = Release|Any CPU
		{FB7BB109-42C7-4288-A9CA-339502D36358}.Release|Any CPU.Build.0 = Release|Any CPU
		{FB7BB109-42C7-4288-A9CA-339502D36358}.Release|Mixed Platforms.ActiveCfg = Release|Any CPU
		{FB7BB109-42C7-4288-A9CA-339502D36358}.Release|Mixed Platforms.Build.0 = Release|Any CPU
		{FB7BB109-42C7-4288-A9CA-339502D36358}.Release|x86.ActiveCfg = Release|Any CPU
		{FB7BB109-42C7-4288-A9CA-339502D36358}.ReleaseILMerge|Any CPU.ActiveCfg = Release|Any CPU
		{FB7BB109-42C7-4288-A9CA-339502D36358}.ReleaseILMerge|Any CPU.Build.0 = Release|Any CPU
		{FB7BB109-42C7-4288-A9CA-339502D36358}.ReleaseILMerge|Mixed Platforms.ActiveCfg = Release|Any CPU
		{FB7BB109-42C7-4288-A9CA-339502D36358}.ReleaseILMerge|Mixed Platforms.Build.0 = Release|Any CPU
		{FB7BB109-42C7-4288-A9CA-339502D36358}.ReleaseILMerge|x86.ActiveCfg = Release|Any CPU
		{5D1137E6-B26C-4C1A-890B-4559AE5B4C44}.Debug|Any CPU.ActiveCfg = Debug|Any CPU
		{5D1137E6-B26C-4C1A-890B-4559AE5B4C44}.Debug|Any CPU.Build.0 = Debug|Any CPU
		{5D1137E6-B26C-4C1A-890B-4559AE5B4C44}.Debug|Mixed Platforms.ActiveCfg = Debug|Any CPU
		{5D1137E6-B26C-4C1A-890B-4559AE5B4C44}.Debug|Mixed Platforms.Build.0 = Debug|Any CPU
		{5D1137E6-B26C-4C1A-890B-4559AE5B4C44}.Debug|x86.ActiveCfg = Debug|Any CPU
		{5D1137E6-B26C-4C1A-890B-4559AE5B4C44}.DebugILMerge|Any CPU.ActiveCfg = Debug|Any CPU
		{5D1137E6-B26C-4C1A-890B-4559AE5B4C44}.DebugILMerge|Any CPU.Build.0 = Debug|Any CPU
		{5D1137E6-B26C-4C1A-890B-4559AE5B4C44}.DebugILMerge|Mixed Platforms.ActiveCfg = Debug|Any CPU
		{5D1137E6-B26C-4C1A-890B-4559AE5B4C44}.DebugILMerge|Mixed Platforms.Build.0 = Debug|Any CPU
		{5D1137E6-B26C-4C1A-890B-4559AE5B4C44}.DebugILMerge|x86.ActiveCfg = Debug|Any CPU
		{5D1137E6-B26C-4C1A-890B-4559AE5B4C44}.Release|Any CPU.ActiveCfg = Release|Any CPU
		{5D1137E6-B26C-4C1A-890B-4559AE5B4C44}.Release|Any CPU.Build.0 = Release|Any CPU
		{5D1137E6-B26C-4C1A-890B-4559AE5B4C44}.Release|Mixed Platforms.ActiveCfg = Release|Any CPU
		{5D1137E6-B26C-4C1A-890B-4559AE5B4C44}.Release|Mixed Platforms.Build.0 = Release|Any CPU
		{5D1137E6-B26C-4C1A-890B-4559AE5B4C44}.Release|x86.ActiveCfg = Release|Any CPU
		{5D1137E6-B26C-4C1A-890B-4559AE5B4C44}.ReleaseILMerge|Any CPU.ActiveCfg = Release|Any CPU
		{5D1137E6-B26C-4C1A-890B-4559AE5B4C44}.ReleaseILMerge|Any CPU.Build.0 = Release|Any CPU
		{5D1137E6-B26C-4C1A-890B-4559AE5B4C44}.ReleaseILMerge|Mixed Platforms.ActiveCfg = Release|Any CPU
		{5D1137E6-B26C-4C1A-890B-4559AE5B4C44}.ReleaseILMerge|Mixed Platforms.Build.0 = Release|Any CPU
		{5D1137E6-B26C-4C1A-890B-4559AE5B4C44}.ReleaseILMerge|x86.ActiveCfg = Release|Any CPU
		{02901D6B-4562-4689-90BA-B0D0EC31ED76}.Debug|Any CPU.ActiveCfg = Debug|Any CPU
		{02901D6B-4562-4689-90BA-B0D0EC31ED76}.Debug|Any CPU.Build.0 = Debug|Any CPU
		{02901D6B-4562-4689-90BA-B0D0EC31ED76}.Debug|Mixed Platforms.ActiveCfg = Debug|Any CPU
		{02901D6B-4562-4689-90BA-B0D0EC31ED76}.Debug|Mixed Platforms.Build.0 = Debug|Any CPU
		{02901D6B-4562-4689-90BA-B0D0EC31ED76}.Debug|x86.ActiveCfg = Debug|Any CPU
		{02901D6B-4562-4689-90BA-B0D0EC31ED76}.DebugILMerge|Any CPU.ActiveCfg = Debug|Any CPU
		{02901D6B-4562-4689-90BA-B0D0EC31ED76}.DebugILMerge|Any CPU.Build.0 = Debug|Any CPU
		{02901D6B-4562-4689-90BA-B0D0EC31ED76}.DebugILMerge|Mixed Platforms.ActiveCfg = Debug|Any CPU
		{02901D6B-4562-4689-90BA-B0D0EC31ED76}.DebugILMerge|Mixed Platforms.Build.0 = Debug|Any CPU
		{02901D6B-4562-4689-90BA-B0D0EC31ED76}.DebugILMerge|x86.ActiveCfg = Debug|Any CPU
		{02901D6B-4562-4689-90BA-B0D0EC31ED76}.Release|Any CPU.ActiveCfg = Release|Any CPU
		{02901D6B-4562-4689-90BA-B0D0EC31ED76}.Release|Any CPU.Build.0 = Release|Any CPU
		{02901D6B-4562-4689-90BA-B0D0EC31ED76}.Release|Mixed Platforms.ActiveCfg = Release|Any CPU
		{02901D6B-4562-4689-90BA-B0D0EC31ED76}.Release|Mixed Platforms.Build.0 = Release|Any CPU
		{02901D6B-4562-4689-90BA-B0D0EC31ED76}.Release|x86.ActiveCfg = Release|Any CPU
		{02901D6B-4562-4689-90BA-B0D0EC31ED76}.ReleaseILMerge|Any CPU.ActiveCfg = Release|Any CPU
		{02901D6B-4562-4689-90BA-B0D0EC31ED76}.ReleaseILMerge|Any CPU.Build.0 = Release|Any CPU
		{02901D6B-4562-4689-90BA-B0D0EC31ED76}.ReleaseILMerge|Mixed Platforms.ActiveCfg = Release|Any CPU
		{02901D6B-4562-4689-90BA-B0D0EC31ED76}.ReleaseILMerge|Mixed Platforms.Build.0 = Release|Any CPU
		{02901D6B-4562-4689-90BA-B0D0EC31ED76}.ReleaseILMerge|x86.ActiveCfg = Release|Any CPU
		{C5ABC99D-2A97-4F87-B1D3-75334BE96B71}.Debug|Any CPU.ActiveCfg = Debug|Any CPU
		{C5ABC99D-2A97-4F87-B1D3-75334BE96B71}.Debug|Any CPU.Build.0 = Debug|Any CPU
		{C5ABC99D-2A97-4F87-B1D3-75334BE96B71}.Debug|Mixed Platforms.ActiveCfg = Debug|Any CPU
		{C5ABC99D-2A97-4F87-B1D3-75334BE96B71}.Debug|Mixed Platforms.Build.0 = Debug|Any CPU
		{C5ABC99D-2A97-4F87-B1D3-75334BE96B71}.Debug|x86.ActiveCfg = Debug|Any CPU
		{C5ABC99D-2A97-4F87-B1D3-75334BE96B71}.DebugILMerge|Any CPU.ActiveCfg = Debug|Any CPU
		{C5ABC99D-2A97-4F87-B1D3-75334BE96B71}.DebugILMerge|Any CPU.Build.0 = Debug|Any CPU
		{C5ABC99D-2A97-4F87-B1D3-75334BE96B71}.DebugILMerge|Mixed Platforms.ActiveCfg = Debug|Any CPU
		{C5ABC99D-2A97-4F87-B1D3-75334BE96B71}.DebugILMerge|Mixed Platforms.Build.0 = Debug|Any CPU
		{C5ABC99D-2A97-4F87-B1D3-75334BE96B71}.DebugILMerge|x86.ActiveCfg = Debug|Any CPU
		{C5ABC99D-2A97-4F87-B1D3-75334BE96B71}.Release|Any CPU.ActiveCfg = Release|Any CPU
		{C5ABC99D-2A97-4F87-B1D3-75334BE96B71}.Release|Any CPU.Build.0 = Release|Any CPU
		{C5ABC99D-2A97-4F87-B1D3-75334BE96B71}.Release|Mixed Platforms.ActiveCfg = Release|Any CPU
		{C5ABC99D-2A97-4F87-B1D3-75334BE96B71}.Release|Mixed Platforms.Build.0 = Release|Any CPU
		{C5ABC99D-2A97-4F87-B1D3-75334BE96B71}.Release|x86.ActiveCfg = Release|Any CPU
		{C5ABC99D-2A97-4F87-B1D3-75334BE96B71}.ReleaseILMerge|Any CPU.ActiveCfg = Release|Any CPU
		{C5ABC99D-2A97-4F87-B1D3-75334BE96B71}.ReleaseILMerge|Any CPU.Build.0 = Release|Any CPU
		{C5ABC99D-2A97-4F87-B1D3-75334BE96B71}.ReleaseILMerge|Mixed Platforms.ActiveCfg = Release|Any CPU
		{C5ABC99D-2A97-4F87-B1D3-75334BE96B71}.ReleaseILMerge|Mixed Platforms.Build.0 = Release|Any CPU
		{C5ABC99D-2A97-4F87-B1D3-75334BE96B71}.ReleaseILMerge|x86.ActiveCfg = Release|Any CPU
		{66FFC16D-EE50-4719-8CB5-0542FD82AC17}.Debug|Any CPU.ActiveCfg = Debug|Any CPU
		{66FFC16D-EE50-4719-8CB5-0542FD82AC17}.Debug|Any CPU.Build.0 = Debug|Any CPU
		{66FFC16D-EE50-4719-8CB5-0542FD82AC17}.Debug|Mixed Platforms.ActiveCfg = Debug|Any CPU
		{66FFC16D-EE50-4719-8CB5-0542FD82AC17}.Debug|Mixed Platforms.Build.0 = Debug|Any CPU
		{66FFC16D-EE50-4719-8CB5-0542FD82AC17}.Debug|x86.ActiveCfg = Debug|Any CPU
		{66FFC16D-EE50-4719-8CB5-0542FD82AC17}.DebugILMerge|Any CPU.ActiveCfg = Debug|Any CPU
		{66FFC16D-EE50-4719-8CB5-0542FD82AC17}.DebugILMerge|Any CPU.Build.0 = Debug|Any CPU
		{66FFC16D-EE50-4719-8CB5-0542FD82AC17}.DebugILMerge|Mixed Platforms.ActiveCfg = Debug|Any CPU
		{66FFC16D-EE50-4719-8CB5-0542FD82AC17}.DebugILMerge|Mixed Platforms.Build.0 = Debug|Any CPU
		{66FFC16D-EE50-4719-8CB5-0542FD82AC17}.DebugILMerge|x86.ActiveCfg = Debug|Any CPU
		{66FFC16D-EE50-4719-8CB5-0542FD82AC17}.Release|Any CPU.ActiveCfg = Release|Any CPU
		{66FFC16D-EE50-4719-8CB5-0542FD82AC17}.Release|Any CPU.Build.0 = Release|Any CPU
		{66FFC16D-EE50-4719-8CB5-0542FD82AC17}.Release|Mixed Platforms.ActiveCfg = Release|Any CPU
		{66FFC16D-EE50-4719-8CB5-0542FD82AC17}.Release|Mixed Platforms.Build.0 = Release|Any CPU
		{66FFC16D-EE50-4719-8CB5-0542FD82AC17}.Release|x86.ActiveCfg = Release|Any CPU
		{66FFC16D-EE50-4719-8CB5-0542FD82AC17}.ReleaseILMerge|Any CPU.ActiveCfg = Release|Any CPU
		{66FFC16D-EE50-4719-8CB5-0542FD82AC17}.ReleaseILMerge|Any CPU.Build.0 = Release|Any CPU
		{66FFC16D-EE50-4719-8CB5-0542FD82AC17}.ReleaseILMerge|Mixed Platforms.ActiveCfg = Release|Any CPU
		{66FFC16D-EE50-4719-8CB5-0542FD82AC17}.ReleaseILMerge|Mixed Platforms.Build.0 = Release|Any CPU
		{66FFC16D-EE50-4719-8CB5-0542FD82AC17}.ReleaseILMerge|x86.ActiveCfg = Release|Any CPU
		{D4D92670-5495-40AA-AC6C-4CFBDEB4D0D5}.Debug|Any CPU.ActiveCfg = Debug|Any CPU
		{D4D92670-5495-40AA-AC6C-4CFBDEB4D0D5}.Debug|Any CPU.Build.0 = Debug|Any CPU
		{D4D92670-5495-40AA-AC6C-4CFBDEB4D0D5}.Debug|Mixed Platforms.ActiveCfg = Debug|Any CPU
		{D4D92670-5495-40AA-AC6C-4CFBDEB4D0D5}.Debug|Mixed Platforms.Build.0 = Debug|Any CPU
		{D4D92670-5495-40AA-AC6C-4CFBDEB4D0D5}.Debug|x86.ActiveCfg = Debug|Any CPU
		{D4D92670-5495-40AA-AC6C-4CFBDEB4D0D5}.DebugILMerge|Any CPU.ActiveCfg = Debug|Any CPU
		{D4D92670-5495-40AA-AC6C-4CFBDEB4D0D5}.DebugILMerge|Any CPU.Build.0 = Debug|Any CPU
		{D4D92670-5495-40AA-AC6C-4CFBDEB4D0D5}.DebugILMerge|Mixed Platforms.ActiveCfg = Debug|Any CPU
		{D4D92670-5495-40AA-AC6C-4CFBDEB4D0D5}.DebugILMerge|Mixed Platforms.Build.0 = Debug|Any CPU
		{D4D92670-5495-40AA-AC6C-4CFBDEB4D0D5}.DebugILMerge|x86.ActiveCfg = Debug|Any CPU
		{D4D92670-5495-40AA-AC6C-4CFBDEB4D0D5}.Release|Any CPU.ActiveCfg = Release|Any CPU
		{D4D92670-5495-40AA-AC6C-4CFBDEB4D0D5}.Release|Any CPU.Build.0 = Release|Any CPU
		{D4D92670-5495-40AA-AC6C-4CFBDEB4D0D5}.Release|Mixed Platforms.ActiveCfg = Release|Any CPU
		{D4D92670-5495-40AA-AC6C-4CFBDEB4D0D5}.Release|Mixed Platforms.Build.0 = Release|Any CPU
		{D4D92670-5495-40AA-AC6C-4CFBDEB4D0D5}.Release|x86.ActiveCfg = Release|Any CPU
		{D4D92670-5495-40AA-AC6C-4CFBDEB4D0D5}.ReleaseILMerge|Any CPU.ActiveCfg = Release|Any CPU
		{D4D92670-5495-40AA-AC6C-4CFBDEB4D0D5}.ReleaseILMerge|Any CPU.Build.0 = Release|Any CPU
		{D4D92670-5495-40AA-AC6C-4CFBDEB4D0D5}.ReleaseILMerge|Mixed Platforms.ActiveCfg = Release|Any CPU
		{D4D92670-5495-40AA-AC6C-4CFBDEB4D0D5}.ReleaseILMerge|Mixed Platforms.Build.0 = Release|Any CPU
		{D4D92670-5495-40AA-AC6C-4CFBDEB4D0D5}.ReleaseILMerge|x86.ActiveCfg = Release|Any CPU
		{1062B582-C326-4702-A22E-B743E9703A61}.Debug|Any CPU.ActiveCfg = Debug|Any CPU
		{1062B582-C326-4702-A22E-B743E9703A61}.Debug|Any CPU.Build.0 = Debug|Any CPU
		{1062B582-C326-4702-A22E-B743E9703A61}.Debug|Mixed Platforms.ActiveCfg = Debug|Any CPU
		{1062B582-C326-4702-A22E-B743E9703A61}.Debug|Mixed Platforms.Build.0 = Debug|Any CPU
		{1062B582-C326-4702-A22E-B743E9703A61}.Debug|x86.ActiveCfg = Debug|Any CPU
		{1062B582-C326-4702-A22E-B743E9703A61}.DebugILMerge|Any CPU.ActiveCfg = Debug|Any CPU
		{1062B582-C326-4702-A22E-B743E9703A61}.DebugILMerge|Any CPU.Build.0 = Debug|Any CPU
		{1062B582-C326-4702-A22E-B743E9703A61}.DebugILMerge|Mixed Platforms.ActiveCfg = Debug|Any CPU
		{1062B582-C326-4702-A22E-B743E9703A61}.DebugILMerge|Mixed Platforms.Build.0 = Debug|Any CPU
		{1062B582-C326-4702-A22E-B743E9703A61}.DebugILMerge|x86.ActiveCfg = Debug|Any CPU
		{1062B582-C326-4702-A22E-B743E9703A61}.Release|Any CPU.ActiveCfg = Release|Any CPU
		{1062B582-C326-4702-A22E-B743E9703A61}.Release|Any CPU.Build.0 = Release|Any CPU
		{1062B582-C326-4702-A22E-B743E9703A61}.Release|Mixed Platforms.ActiveCfg = Release|Any CPU
		{1062B582-C326-4702-A22E-B743E9703A61}.Release|Mixed Platforms.Build.0 = Release|Any CPU
		{1062B582-C326-4702-A22E-B743E9703A61}.Release|x86.ActiveCfg = Release|Any CPU
		{1062B582-C326-4702-A22E-B743E9703A61}.ReleaseILMerge|Any CPU.ActiveCfg = Release|Any CPU
		{1062B582-C326-4702-A22E-B743E9703A61}.ReleaseILMerge|Any CPU.Build.0 = Release|Any CPU
		{1062B582-C326-4702-A22E-B743E9703A61}.ReleaseILMerge|Mixed Platforms.ActiveCfg = Release|Any CPU
		{1062B582-C326-4702-A22E-B743E9703A61}.ReleaseILMerge|Mixed Platforms.Build.0 = Release|Any CPU
		{1062B582-C326-4702-A22E-B743E9703A61}.ReleaseILMerge|x86.ActiveCfg = Release|Any CPU
		{5452DC96-7EEB-4B75-8A4D-00EF6D9BA5CC}.Debug|Any CPU.ActiveCfg = Debug|Any CPU
		{5452DC96-7EEB-4B75-8A4D-00EF6D9BA5CC}.Debug|Any CPU.Build.0 = Debug|Any CPU
		{5452DC96-7EEB-4B75-8A4D-00EF6D9BA5CC}.Debug|Mixed Platforms.ActiveCfg = Debug|Any CPU
		{5452DC96-7EEB-4B75-8A4D-00EF6D9BA5CC}.Debug|Mixed Platforms.Build.0 = Debug|Any CPU
		{5452DC96-7EEB-4B75-8A4D-00EF6D9BA5CC}.Debug|x86.ActiveCfg = Debug|Any CPU
		{5452DC96-7EEB-4B75-8A4D-00EF6D9BA5CC}.DebugILMerge|Any CPU.ActiveCfg = Debug|Any CPU
		{5452DC96-7EEB-4B75-8A4D-00EF6D9BA5CC}.DebugILMerge|Any CPU.Build.0 = Debug|Any CPU
		{5452DC96-7EEB-4B75-8A4D-00EF6D9BA5CC}.DebugILMerge|Mixed Platforms.ActiveCfg = Debug|Any CPU
		{5452DC96-7EEB-4B75-8A4D-00EF6D9BA5CC}.DebugILMerge|Mixed Platforms.Build.0 = Debug|Any CPU
		{5452DC96-7EEB-4B75-8A4D-00EF6D9BA5CC}.DebugILMerge|x86.ActiveCfg = Debug|Any CPU
		{5452DC96-7EEB-4B75-8A4D-00EF6D9BA5CC}.Release|Any CPU.ActiveCfg = Release|Any CPU
		{5452DC96-7EEB-4B75-8A4D-00EF6D9BA5CC}.Release|Any CPU.Build.0 = Release|Any CPU
		{5452DC96-7EEB-4B75-8A4D-00EF6D9BA5CC}.Release|Mixed Platforms.ActiveCfg = Release|Any CPU
		{5452DC96-7EEB-4B75-8A4D-00EF6D9BA5CC}.Release|Mixed Platforms.Build.0 = Release|Any CPU
		{5452DC96-7EEB-4B75-8A4D-00EF6D9BA5CC}.Release|x86.ActiveCfg = Release|Any CPU
		{5452DC96-7EEB-4B75-8A4D-00EF6D9BA5CC}.ReleaseILMerge|Any CPU.ActiveCfg = Release|Any CPU
		{5452DC96-7EEB-4B75-8A4D-00EF6D9BA5CC}.ReleaseILMerge|Any CPU.Build.0 = Release|Any CPU
		{5452DC96-7EEB-4B75-8A4D-00EF6D9BA5CC}.ReleaseILMerge|Mixed Platforms.ActiveCfg = Release|Any CPU
		{5452DC96-7EEB-4B75-8A4D-00EF6D9BA5CC}.ReleaseILMerge|Mixed Platforms.Build.0 = Release|Any CPU
		{5452DC96-7EEB-4B75-8A4D-00EF6D9BA5CC}.ReleaseILMerge|x86.ActiveCfg = Release|Any CPU
		{B0299092-F215-44B3-9FC3-32ECE58A34DB}.Debug|Any CPU.ActiveCfg = Debug|Any CPU
		{B0299092-F215-44B3-9FC3-32ECE58A34DB}.Debug|Any CPU.Build.0 = Debug|Any CPU
		{B0299092-F215-44B3-9FC3-32ECE58A34DB}.Debug|Mixed Platforms.ActiveCfg = Debug|Any CPU
		{B0299092-F215-44B3-9FC3-32ECE58A34DB}.Debug|Mixed Platforms.Build.0 = Debug|Any CPU
		{B0299092-F215-44B3-9FC3-32ECE58A34DB}.Debug|x86.ActiveCfg = Debug|Any CPU
		{B0299092-F215-44B3-9FC3-32ECE58A34DB}.DebugILMerge|Any CPU.ActiveCfg = Debug|Any CPU
		{B0299092-F215-44B3-9FC3-32ECE58A34DB}.DebugILMerge|Any CPU.Build.0 = Debug|Any CPU
		{B0299092-F215-44B3-9FC3-32ECE58A34DB}.DebugILMerge|Mixed Platforms.ActiveCfg = Debug|Any CPU
		{B0299092-F215-44B3-9FC3-32ECE58A34DB}.DebugILMerge|Mixed Platforms.Build.0 = Debug|Any CPU
		{B0299092-F215-44B3-9FC3-32ECE58A34DB}.DebugILMerge|x86.ActiveCfg = Debug|Any CPU
		{B0299092-F215-44B3-9FC3-32ECE58A34DB}.Release|Any CPU.ActiveCfg = Release|Any CPU
		{B0299092-F215-44B3-9FC3-32ECE58A34DB}.Release|Any CPU.Build.0 = Release|Any CPU
		{B0299092-F215-44B3-9FC3-32ECE58A34DB}.Release|Mixed Platforms.ActiveCfg = Release|Any CPU
		{B0299092-F215-44B3-9FC3-32ECE58A34DB}.Release|Mixed Platforms.Build.0 = Release|Any CPU
		{B0299092-F215-44B3-9FC3-32ECE58A34DB}.Release|x86.ActiveCfg = Release|Any CPU
		{B0299092-F215-44B3-9FC3-32ECE58A34DB}.ReleaseILMerge|Any CPU.ActiveCfg = Release|Any CPU
		{B0299092-F215-44B3-9FC3-32ECE58A34DB}.ReleaseILMerge|Any CPU.Build.0 = Release|Any CPU
		{B0299092-F215-44B3-9FC3-32ECE58A34DB}.ReleaseILMerge|Mixed Platforms.ActiveCfg = Release|Any CPU
		{B0299092-F215-44B3-9FC3-32ECE58A34DB}.ReleaseILMerge|Mixed Platforms.Build.0 = Release|Any CPU
		{B0299092-F215-44B3-9FC3-32ECE58A34DB}.ReleaseILMerge|x86.ActiveCfg = Release|Any CPU
		{FA8FC023-F1DC-4C93-8557-BB91AA54C173}.Debug|Any CPU.ActiveCfg = Debug|Any CPU
		{FA8FC023-F1DC-4C93-8557-BB91AA54C173}.Debug|Any CPU.Build.0 = Debug|Any CPU
		{FA8FC023-F1DC-4C93-8557-BB91AA54C173}.Debug|Mixed Platforms.ActiveCfg = Debug|Any CPU
		{FA8FC023-F1DC-4C93-8557-BB91AA54C173}.Debug|Mixed Platforms.Build.0 = Debug|Any CPU
		{FA8FC023-F1DC-4C93-8557-BB91AA54C173}.Debug|x86.ActiveCfg = Debug|Any CPU
		{FA8FC023-F1DC-4C93-8557-BB91AA54C173}.DebugILMerge|Any CPU.ActiveCfg = Debug|Any CPU
		{FA8FC023-F1DC-4C93-8557-BB91AA54C173}.DebugILMerge|Any CPU.Build.0 = Debug|Any CPU
		{FA8FC023-F1DC-4C93-8557-BB91AA54C173}.DebugILMerge|Mixed Platforms.ActiveCfg = Debug|Any CPU
		{FA8FC023-F1DC-4C93-8557-BB91AA54C173}.DebugILMerge|Mixed Platforms.Build.0 = Debug|Any CPU
		{FA8FC023-F1DC-4C93-8557-BB91AA54C173}.DebugILMerge|x86.ActiveCfg = Debug|Any CPU
		{FA8FC023-F1DC-4C93-8557-BB91AA54C173}.Release|Any CPU.ActiveCfg = Release|Any CPU
		{FA8FC023-F1DC-4C93-8557-BB91AA54C173}.Release|Any CPU.Build.0 = Release|Any CPU
		{FA8FC023-F1DC-4C93-8557-BB91AA54C173}.Release|Mixed Platforms.ActiveCfg = Release|Any CPU
		{FA8FC023-F1DC-4C93-8557-BB91AA54C173}.Release|Mixed Platforms.Build.0 = Release|Any CPU
		{FA8FC023-F1DC-4C93-8557-BB91AA54C173}.Release|x86.ActiveCfg = Release|Any CPU
		{FA8FC023-F1DC-4C93-8557-BB91AA54C173}.ReleaseILMerge|Any CPU.ActiveCfg = Release|Any CPU
		{FA8FC023-F1DC-4C93-8557-BB91AA54C173}.ReleaseILMerge|Any CPU.Build.0 = Release|Any CPU
		{FA8FC023-F1DC-4C93-8557-BB91AA54C173}.ReleaseILMerge|Mixed Platforms.ActiveCfg = Release|Any CPU
		{FA8FC023-F1DC-4C93-8557-BB91AA54C173}.ReleaseILMerge|Mixed Platforms.Build.0 = Release|Any CPU
		{FA8FC023-F1DC-4C93-8557-BB91AA54C173}.ReleaseILMerge|x86.ActiveCfg = Release|Any CPU
		{C0D5689F-C63E-4A22-8CA6-887B1C35F44B}.Debug|Any CPU.ActiveCfg = Debug|Any CPU
		{C0D5689F-C63E-4A22-8CA6-887B1C35F44B}.Debug|Any CPU.Build.0 = Debug|Any CPU
		{C0D5689F-C63E-4A22-8CA6-887B1C35F44B}.Debug|Mixed Platforms.ActiveCfg = Debug|Any CPU
		{C0D5689F-C63E-4A22-8CA6-887B1C35F44B}.Debug|Mixed Platforms.Build.0 = Debug|Any CPU
		{C0D5689F-C63E-4A22-8CA6-887B1C35F44B}.Debug|x86.ActiveCfg = Debug|Any CPU
		{C0D5689F-C63E-4A22-8CA6-887B1C35F44B}.DebugILMerge|Any CPU.ActiveCfg = Debug|Any CPU
		{C0D5689F-C63E-4A22-8CA6-887B1C35F44B}.DebugILMerge|Any CPU.Build.0 = Debug|Any CPU
		{C0D5689F-C63E-4A22-8CA6-887B1C35F44B}.DebugILMerge|Mixed Platforms.ActiveCfg = Debug|Any CPU
		{C0D5689F-C63E-4A22-8CA6-887B1C35F44B}.DebugILMerge|Mixed Platforms.Build.0 = Debug|Any CPU
		{C0D5689F-C63E-4A22-8CA6-887B1C35F44B}.DebugILMerge|x86.ActiveCfg = Debug|Any CPU
		{C0D5689F-C63E-4A22-8CA6-887B1C35F44B}.Release|Any CPU.ActiveCfg = Release|Any CPU
		{C0D5689F-C63E-4A22-8CA6-887B1C35F44B}.Release|Any CPU.Build.0 = Release|Any CPU
		{C0D5689F-C63E-4A22-8CA6-887B1C35F44B}.Release|Mixed Platforms.ActiveCfg = Release|Any CPU
		{C0D5689F-C63E-4A22-8CA6-887B1C35F44B}.Release|Mixed Platforms.Build.0 = Release|Any CPU
		{C0D5689F-C63E-4A22-8CA6-887B1C35F44B}.Release|x86.ActiveCfg = Release|Any CPU
		{C0D5689F-C63E-4A22-8CA6-887B1C35F44B}.ReleaseILMerge|Any CPU.ActiveCfg = Release|Any CPU
		{C0D5689F-C63E-4A22-8CA6-887B1C35F44B}.ReleaseILMerge|Any CPU.Build.0 = Release|Any CPU
		{C0D5689F-C63E-4A22-8CA6-887B1C35F44B}.ReleaseILMerge|Mixed Platforms.ActiveCfg = Release|Any CPU
		{C0D5689F-C63E-4A22-8CA6-887B1C35F44B}.ReleaseILMerge|Mixed Platforms.Build.0 = Release|Any CPU
		{C0D5689F-C63E-4A22-8CA6-887B1C35F44B}.ReleaseILMerge|x86.ActiveCfg = Release|Any CPU
		{F384EB9F-BB50-46ED-898E-FA5EE4A0A19E}.Debug|Any CPU.ActiveCfg = Debug|Any CPU
		{F384EB9F-BB50-46ED-898E-FA5EE4A0A19E}.Debug|Any CPU.Build.0 = Debug|Any CPU
		{F384EB9F-BB50-46ED-898E-FA5EE4A0A19E}.Debug|Mixed Platforms.ActiveCfg = Debug|Any CPU
		{F384EB9F-BB50-46ED-898E-FA5EE4A0A19E}.Debug|Mixed Platforms.Build.0 = Debug|Any CPU
		{F384EB9F-BB50-46ED-898E-FA5EE4A0A19E}.Debug|x86.ActiveCfg = Debug|Any CPU
		{F384EB9F-BB50-46ED-898E-FA5EE4A0A19E}.DebugILMerge|Any CPU.ActiveCfg = Debug|Any CPU
		{F384EB9F-BB50-46ED-898E-FA5EE4A0A19E}.DebugILMerge|Any CPU.Build.0 = Debug|Any CPU
		{F384EB9F-BB50-46ED-898E-FA5EE4A0A19E}.DebugILMerge|Mixed Platforms.ActiveCfg = Debug|Any CPU
		{F384EB9F-BB50-46ED-898E-FA5EE4A0A19E}.DebugILMerge|Mixed Platforms.Build.0 = Debug|Any CPU
		{F384EB9F-BB50-46ED-898E-FA5EE4A0A19E}.DebugILMerge|x86.ActiveCfg = Debug|Any CPU
		{F384EB9F-BB50-46ED-898E-FA5EE4A0A19E}.Release|Any CPU.ActiveCfg = Release|Any CPU
		{F384EB9F-BB50-46ED-898E-FA5EE4A0A19E}.Release|Any CPU.Build.0 = Release|Any CPU
		{F384EB9F-BB50-46ED-898E-FA5EE4A0A19E}.Release|Mixed Platforms.ActiveCfg = Release|Any CPU
		{F384EB9F-BB50-46ED-898E-FA5EE4A0A19E}.Release|Mixed Platforms.Build.0 = Release|Any CPU
		{F384EB9F-BB50-46ED-898E-FA5EE4A0A19E}.Release|x86.ActiveCfg = Release|Any CPU
		{F384EB9F-BB50-46ED-898E-FA5EE4A0A19E}.ReleaseILMerge|Any CPU.ActiveCfg = Release|Any CPU
		{F384EB9F-BB50-46ED-898E-FA5EE4A0A19E}.ReleaseILMerge|Any CPU.Build.0 = Release|Any CPU
		{F384EB9F-BB50-46ED-898E-FA5EE4A0A19E}.ReleaseILMerge|Mixed Platforms.ActiveCfg = Release|Any CPU
		{F384EB9F-BB50-46ED-898E-FA5EE4A0A19E}.ReleaseILMerge|Mixed Platforms.Build.0 = Release|Any CPU
		{F384EB9F-BB50-46ED-898E-FA5EE4A0A19E}.ReleaseILMerge|x86.ActiveCfg = Release|Any CPU
		{FE121FC3-50DD-4BBB-A552-AE1970082785}.Debug|Any CPU.ActiveCfg = Debug|Any CPU
		{FE121FC3-50DD-4BBB-A552-AE1970082785}.Debug|Any CPU.Build.0 = Debug|Any CPU
		{FE121FC3-50DD-4BBB-A552-AE1970082785}.Debug|Mixed Platforms.ActiveCfg = Debug|Any CPU
		{FE121FC3-50DD-4BBB-A552-AE1970082785}.Debug|Mixed Platforms.Build.0 = Debug|Any CPU
		{FE121FC3-50DD-4BBB-A552-AE1970082785}.Debug|x86.ActiveCfg = Debug|Any CPU
		{FE121FC3-50DD-4BBB-A552-AE1970082785}.DebugILMerge|Any CPU.ActiveCfg = Debug|Any CPU
		{FE121FC3-50DD-4BBB-A552-AE1970082785}.DebugILMerge|Any CPU.Build.0 = Debug|Any CPU
		{FE121FC3-50DD-4BBB-A552-AE1970082785}.DebugILMerge|Mixed Platforms.ActiveCfg = Debug|Any CPU
		{FE121FC3-50DD-4BBB-A552-AE1970082785}.DebugILMerge|Mixed Platforms.Build.0 = Debug|Any CPU
		{FE121FC3-50DD-4BBB-A552-AE1970082785}.DebugILMerge|x86.ActiveCfg = Debug|Any CPU
		{FE121FC3-50DD-4BBB-A552-AE1970082785}.Release|Any CPU.ActiveCfg = Release|Any CPU
		{FE121FC3-50DD-4BBB-A552-AE1970082785}.Release|Any CPU.Build.0 = Release|Any CPU
		{FE121FC3-50DD-4BBB-A552-AE1970082785}.Release|Mixed Platforms.ActiveCfg = Release|Any CPU
		{FE121FC3-50DD-4BBB-A552-AE1970082785}.Release|Mixed Platforms.Build.0 = Release|Any CPU
		{FE121FC3-50DD-4BBB-A552-AE1970082785}.Release|x86.ActiveCfg = Release|Any CPU
		{FE121FC3-50DD-4BBB-A552-AE1970082785}.ReleaseILMerge|Any CPU.ActiveCfg = Release|Any CPU
		{FE121FC3-50DD-4BBB-A552-AE1970082785}.ReleaseILMerge|Any CPU.Build.0 = Release|Any CPU
		{FE121FC3-50DD-4BBB-A552-AE1970082785}.ReleaseILMerge|Mixed Platforms.ActiveCfg = Release|Any CPU
		{FE121FC3-50DD-4BBB-A552-AE1970082785}.ReleaseILMerge|Mixed Platforms.Build.0 = Release|Any CPU
		{FE121FC3-50DD-4BBB-A552-AE1970082785}.ReleaseILMerge|x86.ActiveCfg = Release|Any CPU
		{8B711806-CD19-4438-932B-DF414161EBC6}.Debug|Any CPU.ActiveCfg = Debug|Any CPU
		{8B711806-CD19-4438-932B-DF414161EBC6}.Debug|Any CPU.Build.0 = Debug|Any CPU
		{8B711806-CD19-4438-932B-DF414161EBC6}.Debug|Mixed Platforms.ActiveCfg = Debug|Any CPU
		{8B711806-CD19-4438-932B-DF414161EBC6}.Debug|Mixed Platforms.Build.0 = Debug|Any CPU
		{8B711806-CD19-4438-932B-DF414161EBC6}.Debug|x86.ActiveCfg = Debug|Any CPU
		{8B711806-CD19-4438-932B-DF414161EBC6}.DebugILMerge|Any CPU.ActiveCfg = Debug|Any CPU
		{8B711806-CD19-4438-932B-DF414161EBC6}.DebugILMerge|Any CPU.Build.0 = Debug|Any CPU
		{8B711806-CD19-4438-932B-DF414161EBC6}.DebugILMerge|Mixed Platforms.ActiveCfg = Debug|Any CPU
		{8B711806-CD19-4438-932B-DF414161EBC6}.DebugILMerge|Mixed Platforms.Build.0 = Debug|Any CPU
		{8B711806-CD19-4438-932B-DF414161EBC6}.DebugILMerge|x86.ActiveCfg = Debug|Any CPU
		{8B711806-CD19-4438-932B-DF414161EBC6}.Release|Any CPU.ActiveCfg = Release|Any CPU
		{8B711806-CD19-4438-932B-DF414161EBC6}.Release|Any CPU.Build.0 = Release|Any CPU
		{8B711806-CD19-4438-932B-DF414161EBC6}.Release|Mixed Platforms.ActiveCfg = Release|Any CPU
		{8B711806-CD19-4438-932B-DF414161EBC6}.Release|Mixed Platforms.Build.0 = Release|Any CPU
		{8B711806-CD19-4438-932B-DF414161EBC6}.Release|x86.ActiveCfg = Release|Any CPU
		{8B711806-CD19-4438-932B-DF414161EBC6}.ReleaseILMerge|Any CPU.ActiveCfg = Release|Any CPU
		{8B711806-CD19-4438-932B-DF414161EBC6}.ReleaseILMerge|Any CPU.Build.0 = Release|Any CPU
		{8B711806-CD19-4438-932B-DF414161EBC6}.ReleaseILMerge|Mixed Platforms.ActiveCfg = Release|Any CPU
		{8B711806-CD19-4438-932B-DF414161EBC6}.ReleaseILMerge|Mixed Platforms.Build.0 = Release|Any CPU
		{8B711806-CD19-4438-932B-DF414161EBC6}.ReleaseILMerge|x86.ActiveCfg = Release|Any CPU
		{573BB554-340E-4D79-AD4B-C8D72C9171EF}.Debug|Any CPU.ActiveCfg = Debug|Any CPU
		{573BB554-340E-4D79-AD4B-C8D72C9171EF}.Debug|Any CPU.Build.0 = Debug|Any CPU
		{573BB554-340E-4D79-AD4B-C8D72C9171EF}.Debug|Mixed Platforms.ActiveCfg = Debug|Any CPU
		{573BB554-340E-4D79-AD4B-C8D72C9171EF}.Debug|Mixed Platforms.Build.0 = Debug|Any CPU
		{573BB554-340E-4D79-AD4B-C8D72C9171EF}.Debug|x86.ActiveCfg = Debug|Any CPU
		{573BB554-340E-4D79-AD4B-C8D72C9171EF}.DebugILMerge|Any CPU.ActiveCfg = DebugILMerge|Any CPU
		{573BB554-340E-4D79-AD4B-C8D72C9171EF}.DebugILMerge|Any CPU.Build.0 = DebugILMerge|Any CPU
		{573BB554-340E-4D79-AD4B-C8D72C9171EF}.DebugILMerge|Mixed Platforms.ActiveCfg = DebugILMerge|Any CPU
		{573BB554-340E-4D79-AD4B-C8D72C9171EF}.DebugILMerge|Mixed Platforms.Build.0 = DebugILMerge|Any CPU
		{573BB554-340E-4D79-AD4B-C8D72C9171EF}.DebugILMerge|x86.ActiveCfg = DebugILMerge|Any CPU
		{573BB554-340E-4D79-AD4B-C8D72C9171EF}.Release|Any CPU.ActiveCfg = Release|Any CPU
		{573BB554-340E-4D79-AD4B-C8D72C9171EF}.Release|Any CPU.Build.0 = Release|Any CPU
		{573BB554-340E-4D79-AD4B-C8D72C9171EF}.Release|Mixed Platforms.ActiveCfg = Release|Any CPU
		{573BB554-340E-4D79-AD4B-C8D72C9171EF}.Release|Mixed Platforms.Build.0 = Release|Any CPU
		{573BB554-340E-4D79-AD4B-C8D72C9171EF}.Release|x86.ActiveCfg = Release|Any CPU
		{573BB554-340E-4D79-AD4B-C8D72C9171EF}.ReleaseILMerge|Any CPU.ActiveCfg = ReleaseILMerge|Any CPU
		{573BB554-340E-4D79-AD4B-C8D72C9171EF}.ReleaseILMerge|Any CPU.Build.0 = ReleaseILMerge|Any CPU
		{573BB554-340E-4D79-AD4B-C8D72C9171EF}.ReleaseILMerge|Mixed Platforms.ActiveCfg = ReleaseILMerge|Any CPU
		{573BB554-340E-4D79-AD4B-C8D72C9171EF}.ReleaseILMerge|Mixed Platforms.Build.0 = ReleaseILMerge|Any CPU
		{573BB554-340E-4D79-AD4B-C8D72C9171EF}.ReleaseILMerge|x86.ActiveCfg = ReleaseILMerge|Any CPU
		{AFECAE4C-172C-4B8D-9459-32CB9A7DD958}.Debug|Any CPU.ActiveCfg = Debug|Any CPU
		{AFECAE4C-172C-4B8D-9459-32CB9A7DD958}.Debug|Any CPU.Build.0 = Debug|Any CPU
		{AFECAE4C-172C-4B8D-9459-32CB9A7DD958}.Debug|Mixed Platforms.ActiveCfg = Debug|Any CPU
		{AFECAE4C-172C-4B8D-9459-32CB9A7DD958}.Debug|Mixed Platforms.Build.0 = Debug|Any CPU
		{AFECAE4C-172C-4B8D-9459-32CB9A7DD958}.Debug|x86.ActiveCfg = Debug|Any CPU
		{AFECAE4C-172C-4B8D-9459-32CB9A7DD958}.DebugILMerge|Any CPU.ActiveCfg = Debug|Any CPU
		{AFECAE4C-172C-4B8D-9459-32CB9A7DD958}.DebugILMerge|Any CPU.Build.0 = Debug|Any CPU
		{AFECAE4C-172C-4B8D-9459-32CB9A7DD958}.DebugILMerge|Mixed Platforms.ActiveCfg = Debug|Any CPU
		{AFECAE4C-172C-4B8D-9459-32CB9A7DD958}.DebugILMerge|Mixed Platforms.Build.0 = Debug|Any CPU
		{AFECAE4C-172C-4B8D-9459-32CB9A7DD958}.DebugILMerge|x86.ActiveCfg = Debug|Any CPU
		{AFECAE4C-172C-4B8D-9459-32CB9A7DD958}.Release|Any CPU.ActiveCfg = Release|Any CPU
		{AFECAE4C-172C-4B8D-9459-32CB9A7DD958}.Release|Any CPU.Build.0 = Release|Any CPU
		{AFECAE4C-172C-4B8D-9459-32CB9A7DD958}.Release|Mixed Platforms.ActiveCfg = Release|Any CPU
		{AFECAE4C-172C-4B8D-9459-32CB9A7DD958}.Release|Mixed Platforms.Build.0 = Release|Any CPU
		{AFECAE4C-172C-4B8D-9459-32CB9A7DD958}.Release|x86.ActiveCfg = Release|Any CPU
		{AFECAE4C-172C-4B8D-9459-32CB9A7DD958}.ReleaseILMerge|Any CPU.ActiveCfg = Release|Any CPU
		{AFECAE4C-172C-4B8D-9459-32CB9A7DD958}.ReleaseILMerge|Any CPU.Build.0 = Release|Any CPU
		{AFECAE4C-172C-4B8D-9459-32CB9A7DD958}.ReleaseILMerge|Mixed Platforms.ActiveCfg = Release|Any CPU
		{AFECAE4C-172C-4B8D-9459-32CB9A7DD958}.ReleaseILMerge|Mixed Platforms.Build.0 = Release|Any CPU
		{AFECAE4C-172C-4B8D-9459-32CB9A7DD958}.ReleaseILMerge|x86.ActiveCfg = Release|Any CPU
		{479ED24B-66FB-4BB8-9EDE-8F546EBD26E2}.Debug|Any CPU.ActiveCfg = Debug|Any CPU
		{479ED24B-66FB-4BB8-9EDE-8F546EBD26E2}.Debug|Any CPU.Build.0 = Debug|Any CPU
		{479ED24B-66FB-4BB8-9EDE-8F546EBD26E2}.Debug|Mixed Platforms.ActiveCfg = Debug|Any CPU
		{479ED24B-66FB-4BB8-9EDE-8F546EBD26E2}.Debug|Mixed Platforms.Build.0 = Debug|Any CPU
		{479ED24B-66FB-4BB8-9EDE-8F546EBD26E2}.Debug|x86.ActiveCfg = Debug|Any CPU
		{479ED24B-66FB-4BB8-9EDE-8F546EBD26E2}.DebugILMerge|Any CPU.ActiveCfg = Debug|Any CPU
		{479ED24B-66FB-4BB8-9EDE-8F546EBD26E2}.DebugILMerge|Any CPU.Build.0 = Debug|Any CPU
		{479ED24B-66FB-4BB8-9EDE-8F546EBD26E2}.DebugILMerge|Mixed Platforms.ActiveCfg = Debug|Any CPU
		{479ED24B-66FB-4BB8-9EDE-8F546EBD26E2}.DebugILMerge|Mixed Platforms.Build.0 = Debug|Any CPU
		{479ED24B-66FB-4BB8-9EDE-8F546EBD26E2}.DebugILMerge|x86.ActiveCfg = Debug|Any CPU
		{479ED24B-66FB-4BB8-9EDE-8F546EBD26E2}.Release|Any CPU.ActiveCfg = Release|Any CPU
		{479ED24B-66FB-4BB8-9EDE-8F546EBD26E2}.Release|Any CPU.Build.0 = Release|Any CPU
		{479ED24B-66FB-4BB8-9EDE-8F546EBD26E2}.Release|Mixed Platforms.ActiveCfg = Release|Any CPU
		{479ED24B-66FB-4BB8-9EDE-8F546EBD26E2}.Release|Mixed Platforms.Build.0 = Release|Any CPU
		{479ED24B-66FB-4BB8-9EDE-8F546EBD26E2}.Release|x86.ActiveCfg = Release|Any CPU
		{479ED24B-66FB-4BB8-9EDE-8F546EBD26E2}.ReleaseILMerge|Any CPU.ActiveCfg = Release|Any CPU
		{479ED24B-66FB-4BB8-9EDE-8F546EBD26E2}.ReleaseILMerge|Any CPU.Build.0 = Release|Any CPU
		{479ED24B-66FB-4BB8-9EDE-8F546EBD26E2}.ReleaseILMerge|Mixed Platforms.ActiveCfg = Release|Any CPU
		{479ED24B-66FB-4BB8-9EDE-8F546EBD26E2}.ReleaseILMerge|Mixed Platforms.Build.0 = Release|Any CPU
		{479ED24B-66FB-4BB8-9EDE-8F546EBD26E2}.ReleaseILMerge|x86.ActiveCfg = Release|Any CPU
		{E1EF08A4-3069-4CF4-B00C-98B1047450E4}.Debug|Any CPU.ActiveCfg = Debug|Any CPU
		{E1EF08A4-3069-4CF4-B00C-98B1047450E4}.Debug|Any CPU.Build.0 = Debug|Any CPU
		{E1EF08A4-3069-4CF4-B00C-98B1047450E4}.Debug|Mixed Platforms.ActiveCfg = Debug|Any CPU
		{E1EF08A4-3069-4CF4-B00C-98B1047450E4}.Debug|Mixed Platforms.Build.0 = Debug|Any CPU
		{E1EF08A4-3069-4CF4-B00C-98B1047450E4}.Debug|x86.ActiveCfg = Debug|Any CPU
		{E1EF08A4-3069-4CF4-B00C-98B1047450E4}.DebugILMerge|Any CPU.ActiveCfg = Debug|Any CPU
		{E1EF08A4-3069-4CF4-B00C-98B1047450E4}.DebugILMerge|Any CPU.Build.0 = Debug|Any CPU
		{E1EF08A4-3069-4CF4-B00C-98B1047450E4}.DebugILMerge|Mixed Platforms.ActiveCfg = Debug|Any CPU
		{E1EF08A4-3069-4CF4-B00C-98B1047450E4}.DebugILMerge|Mixed Platforms.Build.0 = Debug|Any CPU
		{E1EF08A4-3069-4CF4-B00C-98B1047450E4}.DebugILMerge|x86.ActiveCfg = Debug|Any CPU
		{E1EF08A4-3069-4CF4-B00C-98B1047450E4}.Release|Any CPU.ActiveCfg = Release|Any CPU
		{E1EF08A4-3069-4CF4-B00C-98B1047450E4}.Release|Any CPU.Build.0 = Release|Any CPU
		{E1EF08A4-3069-4CF4-B00C-98B1047450E4}.Release|Mixed Platforms.ActiveCfg = Release|Any CPU
		{E1EF08A4-3069-4CF4-B00C-98B1047450E4}.Release|Mixed Platforms.Build.0 = Release|Any CPU
		{E1EF08A4-3069-4CF4-B00C-98B1047450E4}.Release|x86.ActiveCfg = Release|Any CPU
		{E1EF08A4-3069-4CF4-B00C-98B1047450E4}.ReleaseILMerge|Any CPU.ActiveCfg = Release|Any CPU
		{E1EF08A4-3069-4CF4-B00C-98B1047450E4}.ReleaseILMerge|Any CPU.Build.0 = Release|Any CPU
		{E1EF08A4-3069-4CF4-B00C-98B1047450E4}.ReleaseILMerge|Mixed Platforms.ActiveCfg = Release|Any CPU
		{E1EF08A4-3069-4CF4-B00C-98B1047450E4}.ReleaseILMerge|Mixed Platforms.Build.0 = Release|Any CPU
		{E1EF08A4-3069-4CF4-B00C-98B1047450E4}.ReleaseILMerge|x86.ActiveCfg = Release|Any CPU
		{53830B5D-64F1-433D-AAB1-B1947A4AA570}.Debug|Any CPU.ActiveCfg = Debug|Any CPU
		{53830B5D-64F1-433D-AAB1-B1947A4AA570}.Debug|Any CPU.Build.0 = Debug|Any CPU
		{53830B5D-64F1-433D-AAB1-B1947A4AA570}.Debug|Mixed Platforms.ActiveCfg = Debug|Any CPU
		{53830B5D-64F1-433D-AAB1-B1947A4AA570}.Debug|Mixed Platforms.Build.0 = Debug|Any CPU
		{53830B5D-64F1-433D-AAB1-B1947A4AA570}.Debug|x86.ActiveCfg = Debug|Any CPU
		{53830B5D-64F1-433D-AAB1-B1947A4AA570}.DebugILMerge|Any CPU.ActiveCfg = Debug|Any CPU
		{53830B5D-64F1-433D-AAB1-B1947A4AA570}.DebugILMerge|Any CPU.Build.0 = Debug|Any CPU
		{53830B5D-64F1-433D-AAB1-B1947A4AA570}.DebugILMerge|Mixed Platforms.ActiveCfg = Debug|Any CPU
		{53830B5D-64F1-433D-AAB1-B1947A4AA570}.DebugILMerge|Mixed Platforms.Build.0 = Debug|Any CPU
		{53830B5D-64F1-433D-AAB1-B1947A4AA570}.DebugILMerge|x86.ActiveCfg = Debug|Any CPU
		{53830B5D-64F1-433D-AAB1-B1947A4AA570}.Release|Any CPU.ActiveCfg = Release|Any CPU
		{53830B5D-64F1-433D-AAB1-B1947A4AA570}.Release|Any CPU.Build.0 = Release|Any CPU
		{53830B5D-64F1-433D-AAB1-B1947A4AA570}.Release|Mixed Platforms.ActiveCfg = Release|Any CPU
		{53830B5D-64F1-433D-AAB1-B1947A4AA570}.Release|Mixed Platforms.Build.0 = Release|Any CPU
		{53830B5D-64F1-433D-AAB1-B1947A4AA570}.Release|x86.ActiveCfg = Release|Any CPU
		{53830B5D-64F1-433D-AAB1-B1947A4AA570}.ReleaseILMerge|Any CPU.ActiveCfg = Release|Any CPU
		{53830B5D-64F1-433D-AAB1-B1947A4AA570}.ReleaseILMerge|Any CPU.Build.0 = Release|Any CPU
		{53830B5D-64F1-433D-AAB1-B1947A4AA570}.ReleaseILMerge|Mixed Platforms.ActiveCfg = Release|Any CPU
		{53830B5D-64F1-433D-AAB1-B1947A4AA570}.ReleaseILMerge|Mixed Platforms.Build.0 = Release|Any CPU
		{53830B5D-64F1-433D-AAB1-B1947A4AA570}.ReleaseILMerge|x86.ActiveCfg = Release|Any CPU
		{16EE7A55-BE07-4C0B-873B-5CB6420CDC51}.Debug|Any CPU.ActiveCfg = Debug|Any CPU
		{16EE7A55-BE07-4C0B-873B-5CB6420CDC51}.Debug|Any CPU.Build.0 = Debug|Any CPU
		{16EE7A55-BE07-4C0B-873B-5CB6420CDC51}.Debug|Mixed Platforms.ActiveCfg = Debug|Any CPU
		{16EE7A55-BE07-4C0B-873B-5CB6420CDC51}.Debug|Mixed Platforms.Build.0 = Debug|Any CPU
		{16EE7A55-BE07-4C0B-873B-5CB6420CDC51}.Debug|x86.ActiveCfg = Debug|Any CPU
		{16EE7A55-BE07-4C0B-873B-5CB6420CDC51}.Debug|x86.Build.0 = Debug|Any CPU
		{16EE7A55-BE07-4C0B-873B-5CB6420CDC51}.DebugILMerge|Any CPU.ActiveCfg = Debug|Any CPU
		{16EE7A55-BE07-4C0B-873B-5CB6420CDC51}.DebugILMerge|Any CPU.Build.0 = Debug|Any CPU
		{16EE7A55-BE07-4C0B-873B-5CB6420CDC51}.DebugILMerge|Mixed Platforms.ActiveCfg = Debug|Any CPU
		{16EE7A55-BE07-4C0B-873B-5CB6420CDC51}.DebugILMerge|Mixed Platforms.Build.0 = Debug|Any CPU
		{16EE7A55-BE07-4C0B-873B-5CB6420CDC51}.DebugILMerge|x86.ActiveCfg = Debug|Any CPU
		{16EE7A55-BE07-4C0B-873B-5CB6420CDC51}.DebugILMerge|x86.Build.0 = Debug|Any CPU
		{16EE7A55-BE07-4C0B-873B-5CB6420CDC51}.Release|Any CPU.ActiveCfg = Release|Any CPU
		{16EE7A55-BE07-4C0B-873B-5CB6420CDC51}.Release|Any CPU.Build.0 = Release|Any CPU
		{16EE7A55-BE07-4C0B-873B-5CB6420CDC51}.Release|Mixed Platforms.ActiveCfg = Release|Any CPU
		{16EE7A55-BE07-4C0B-873B-5CB6420CDC51}.Release|Mixed Platforms.Build.0 = Release|Any CPU
		{16EE7A55-BE07-4C0B-873B-5CB6420CDC51}.Release|x86.ActiveCfg = Release|Any CPU
		{16EE7A55-BE07-4C0B-873B-5CB6420CDC51}.Release|x86.Build.0 = Release|Any CPU
		{16EE7A55-BE07-4C0B-873B-5CB6420CDC51}.ReleaseILMerge|Any CPU.ActiveCfg = Release|Any CPU
		{16EE7A55-BE07-4C0B-873B-5CB6420CDC51}.ReleaseILMerge|Any CPU.Build.0 = Release|Any CPU
		{16EE7A55-BE07-4C0B-873B-5CB6420CDC51}.ReleaseILMerge|Mixed Platforms.ActiveCfg = Release|Any CPU
		{16EE7A55-BE07-4C0B-873B-5CB6420CDC51}.ReleaseILMerge|Mixed Platforms.Build.0 = Release|Any CPU
		{16EE7A55-BE07-4C0B-873B-5CB6420CDC51}.ReleaseILMerge|x86.ActiveCfg = Release|Any CPU
		{16EE7A55-BE07-4C0B-873B-5CB6420CDC51}.ReleaseILMerge|x86.Build.0 = Release|Any CPU
		{EE8075E3-90BB-45DB-92D8-2C79725E7CF0}.Debug|Any CPU.ActiveCfg = Debug|Any CPU
		{EE8075E3-90BB-45DB-92D8-2C79725E7CF0}.Debug|Any CPU.Build.0 = Debug|Any CPU
		{EE8075E3-90BB-45DB-92D8-2C79725E7CF0}.Debug|Mixed Platforms.ActiveCfg = Debug|Any CPU
		{EE8075E3-90BB-45DB-92D8-2C79725E7CF0}.Debug|Mixed Platforms.Build.0 = Debug|Any CPU
		{EE8075E3-90BB-45DB-92D8-2C79725E7CF0}.Debug|x86.ActiveCfg = Debug|Any CPU
		{EE8075E3-90BB-45DB-92D8-2C79725E7CF0}.Debug|x86.Build.0 = Debug|Any CPU
		{EE8075E3-90BB-45DB-92D8-2C79725E7CF0}.DebugILMerge|Any CPU.ActiveCfg = Debug|Any CPU
		{EE8075E3-90BB-45DB-92D8-2C79725E7CF0}.DebugILMerge|Any CPU.Build.0 = Debug|Any CPU
		{EE8075E3-90BB-45DB-92D8-2C79725E7CF0}.DebugILMerge|Mixed Platforms.ActiveCfg = Debug|Any CPU
		{EE8075E3-90BB-45DB-92D8-2C79725E7CF0}.DebugILMerge|Mixed Platforms.Build.0 = Debug|Any CPU
		{EE8075E3-90BB-45DB-92D8-2C79725E7CF0}.DebugILMerge|x86.ActiveCfg = Debug|Any CPU
		{EE8075E3-90BB-45DB-92D8-2C79725E7CF0}.DebugILMerge|x86.Build.0 = Debug|Any CPU
		{EE8075E3-90BB-45DB-92D8-2C79725E7CF0}.Release|Any CPU.ActiveCfg = Release|Any CPU
		{EE8075E3-90BB-45DB-92D8-2C79725E7CF0}.Release|Any CPU.Build.0 = Release|Any CPU
		{EE8075E3-90BB-45DB-92D8-2C79725E7CF0}.Release|Mixed Platforms.ActiveCfg = Release|Any CPU
		{EE8075E3-90BB-45DB-92D8-2C79725E7CF0}.Release|Mixed Platforms.Build.0 = Release|Any CPU
		{EE8075E3-90BB-45DB-92D8-2C79725E7CF0}.Release|x86.ActiveCfg = Release|Any CPU
		{EE8075E3-90BB-45DB-92D8-2C79725E7CF0}.Release|x86.Build.0 = Release|Any CPU
		{EE8075E3-90BB-45DB-92D8-2C79725E7CF0}.ReleaseILMerge|Any CPU.ActiveCfg = Release|Any CPU
		{EE8075E3-90BB-45DB-92D8-2C79725E7CF0}.ReleaseILMerge|Any CPU.Build.0 = Release|Any CPU
		{EE8075E3-90BB-45DB-92D8-2C79725E7CF0}.ReleaseILMerge|Mixed Platforms.ActiveCfg = Release|Any CPU
		{EE8075E3-90BB-45DB-92D8-2C79725E7CF0}.ReleaseILMerge|Mixed Platforms.Build.0 = Release|Any CPU
		{EE8075E3-90BB-45DB-92D8-2C79725E7CF0}.ReleaseILMerge|x86.ActiveCfg = Release|Any CPU
		{EE8075E3-90BB-45DB-92D8-2C79725E7CF0}.ReleaseILMerge|x86.Build.0 = Release|Any CPU
		{0731F2E9-69A6-420C-BF50-8603EFFAFC02}.Debug|Any CPU.ActiveCfg = Debug|Any CPU
		{0731F2E9-69A6-420C-BF50-8603EFFAFC02}.Debug|Any CPU.Build.0 = Debug|Any CPU
		{0731F2E9-69A6-420C-BF50-8603EFFAFC02}.Debug|Mixed Platforms.ActiveCfg = Debug|Any CPU
		{0731F2E9-69A6-420C-BF50-8603EFFAFC02}.Debug|Mixed Platforms.Build.0 = Debug|Any CPU
		{0731F2E9-69A6-420C-BF50-8603EFFAFC02}.Debug|x86.ActiveCfg = Debug|Any CPU
		{0731F2E9-69A6-420C-BF50-8603EFFAFC02}.Debug|x86.Build.0 = Debug|Any CPU
		{0731F2E9-69A6-420C-BF50-8603EFFAFC02}.DebugILMerge|Any CPU.ActiveCfg = Debug|Any CPU
		{0731F2E9-69A6-420C-BF50-8603EFFAFC02}.DebugILMerge|Any CPU.Build.0 = Debug|Any CPU
		{0731F2E9-69A6-420C-BF50-8603EFFAFC02}.DebugILMerge|Mixed Platforms.ActiveCfg = Debug|Any CPU
		{0731F2E9-69A6-420C-BF50-8603EFFAFC02}.DebugILMerge|Mixed Platforms.Build.0 = Debug|Any CPU
		{0731F2E9-69A6-420C-BF50-8603EFFAFC02}.DebugILMerge|x86.ActiveCfg = Debug|Any CPU
		{0731F2E9-69A6-420C-BF50-8603EFFAFC02}.DebugILMerge|x86.Build.0 = Debug|Any CPU
		{0731F2E9-69A6-420C-BF50-8603EFFAFC02}.Release|Any CPU.ActiveCfg = Release|Any CPU
		{0731F2E9-69A6-420C-BF50-8603EFFAFC02}.Release|Any CPU.Build.0 = Release|Any CPU
		{0731F2E9-69A6-420C-BF50-8603EFFAFC02}.Release|Mixed Platforms.ActiveCfg = Release|Any CPU
		{0731F2E9-69A6-420C-BF50-8603EFFAFC02}.Release|Mixed Platforms.Build.0 = Release|Any CPU
		{0731F2E9-69A6-420C-BF50-8603EFFAFC02}.Release|x86.ActiveCfg = Release|Any CPU
		{0731F2E9-69A6-420C-BF50-8603EFFAFC02}.Release|x86.Build.0 = Release|Any CPU
		{0731F2E9-69A6-420C-BF50-8603EFFAFC02}.ReleaseILMerge|Any CPU.ActiveCfg = Release|Any CPU
		{0731F2E9-69A6-420C-BF50-8603EFFAFC02}.ReleaseILMerge|Any CPU.Build.0 = Release|Any CPU
		{0731F2E9-69A6-420C-BF50-8603EFFAFC02}.ReleaseILMerge|Mixed Platforms.ActiveCfg = Release|Any CPU
		{0731F2E9-69A6-420C-BF50-8603EFFAFC02}.ReleaseILMerge|Mixed Platforms.Build.0 = Release|Any CPU
		{0731F2E9-69A6-420C-BF50-8603EFFAFC02}.ReleaseILMerge|x86.ActiveCfg = Release|Any CPU
		{0731F2E9-69A6-420C-BF50-8603EFFAFC02}.ReleaseILMerge|x86.Build.0 = Release|Any CPU
	EndGlobalSection
	GlobalSection(SolutionProperties) = preSolution
		HideSolutionNode = FALSE
	EndGlobalSection
	GlobalSection(NestedProjects) = preSolution
		{E11A9455-4725-401C-8BA3-3BBA02CB50D4} = {62156AC5-D503-41FD-A87B-ED3D38B2938B}
		{72B3CCDF-3230-470A-A666-FF57E0EE8EF3} = {E11A9455-4725-401C-8BA3-3BBA02CB50D4}
		{C39B2ABA-D35A-4514-A8E1-9D6FDA6ED4EE} = {E11A9455-4725-401C-8BA3-3BBA02CB50D4}
		{3BD2E4B4-ABDE-4761-B38C-E7E98C8D751E} = {E11A9455-4725-401C-8BA3-3BBA02CB50D4}
		{22D9F54B-6197-4CBF-A667-064B75339F28} = {E11A9455-4725-401C-8BA3-3BBA02CB50D4}
		{EC37B034-D165-465D-927D-ACDB85FA2CE1} = {62156AC5-D503-41FD-A87B-ED3D38B2938B}
		{724A1409-5805-4EBF-BA3F-06AE560143D5} = {EC37B034-D165-465D-927D-ACDB85FA2CE1}
		{81C98330-73F7-45D4-B6CB-1917CC7676D3} = {724A1409-5805-4EBF-BA3F-06AE560143D5}
		{D6CC19FE-E5BA-4757-A078-667FAD1C45F8} = {724A1409-5805-4EBF-BA3F-06AE560143D5}
		{6CD09DAA-9A36-4F9E-AA6E-74CCA7BA74D7} = {724A1409-5805-4EBF-BA3F-06AE560143D5}
		{B01309F0-BE2B-483D-AA20-A3D4D0C231EF} = {E11A9455-4725-401C-8BA3-3BBA02CB50D4}
		{E71B84AC-EAA3-49D6-BE57-F9997CA45154} = {62156AC5-D503-41FD-A87B-ED3D38B2938B}
		{EB305BE1-A19D-4C26-82FC-8062B66029DF} = {E71B84AC-EAA3-49D6-BE57-F9997CA45154}
		{7A75F952-F033-4442-B5EB-AE58C4DA4B67} = {EC37B034-D165-465D-927D-ACDB85FA2CE1}
		{C5308688-9C0C-4AB7-874C-D61C23231FEA} = {7A75F952-F033-4442-B5EB-AE58C4DA4B67}
		{B3C0A168-84E0-43FE-9B19-D31A0B4A46D1} = {7A75F952-F033-4442-B5EB-AE58C4DA4B67}
		{45961A48-E08D-4BFD-A306-B423F230C090} = {7A75F952-F033-4442-B5EB-AE58C4DA4B67}
		{ADD2B8B9-06E5-4E0E-8F2D-CC9D8F8A7C90} = {E71B84AC-EAA3-49D6-BE57-F9997CA45154}
		{E0DDF377-E078-49E7-84E4-1D77C5A84A98} = {EC37B034-D165-465D-927D-ACDB85FA2CE1}
		{E420B602-2D19-49AA-A9BB-E3278A1BA86D} = {E0DDF377-E078-49E7-84E4-1D77C5A84A98}
		{13719D92-1625-4D1F-A900-FF9120056292} = {E0DDF377-E078-49E7-84E4-1D77C5A84A98}
		{9B15BC83-8499-4E15-A083-4A76B5BF2D86} = {E0DDF377-E078-49E7-84E4-1D77C5A84A98}
		{C14FED53-B9A5-4031-A03C-A1AFD48C4F3C} = {EC37B034-D165-465D-927D-ACDB85FA2CE1}
		{1D8F6DC3-DB1A-460B-80AB-2B21A7B5588B} = {C14FED53-B9A5-4031-A03C-A1AFD48C4F3C}
		{400417C2-6926-4087-BF70-E69D41A4EC9B} = {C14FED53-B9A5-4031-A03C-A1AFD48C4F3C}
		{930772BF-0926-4AC1-AB7E-AD9168B20ED3} = {C14FED53-B9A5-4031-A03C-A1AFD48C4F3C}
		{3205A8D8-EABA-45FA-A1EA-BB629D9C8714} = {EC37B034-D165-465D-927D-ACDB85FA2CE1}
		{FB7BB109-42C7-4288-A9CA-339502D36358} = {3205A8D8-EABA-45FA-A1EA-BB629D9C8714}
		{5D1137E6-B26C-4C1A-890B-4559AE5B4C44} = {3205A8D8-EABA-45FA-A1EA-BB629D9C8714}
		{02901D6B-4562-4689-90BA-B0D0EC31ED76} = {3205A8D8-EABA-45FA-A1EA-BB629D9C8714}
		{C5ABC99D-2A97-4F87-B1D3-75334BE96B71} = {E71B84AC-EAA3-49D6-BE57-F9997CA45154}
		{66FFC16D-EE50-4719-8CB5-0542FD82AC17} = {A64CEFAD-4EFE-4A24-B971-88072A006501}
		{D4D92670-5495-40AA-AC6C-4CFBDEB4D0D5} = {E11A9455-4725-401C-8BA3-3BBA02CB50D4}
		{1062B582-C326-4702-A22E-B743E9703A61} = {E11A9455-4725-401C-8BA3-3BBA02CB50D4}
		{53C8ED54-CA91-4608-82BE-888F68D26225} = {EC37B034-D165-465D-927D-ACDB85FA2CE1}
		{5452DC96-7EEB-4B75-8A4D-00EF6D9BA5CC} = {53C8ED54-CA91-4608-82BE-888F68D26225}
		{B0299092-F215-44B3-9FC3-32ECE58A34DB} = {53C8ED54-CA91-4608-82BE-888F68D26225}
		{FA8FC023-F1DC-4C93-8557-BB91AA54C173} = {53C8ED54-CA91-4608-82BE-888F68D26225}
		{C0D5689F-C63E-4A22-8CA6-887B1C35F44B} = {3205A8D8-EABA-45FA-A1EA-BB629D9C8714}
		{F384EB9F-BB50-46ED-898E-FA5EE4A0A19E} = {724A1409-5805-4EBF-BA3F-06AE560143D5}
		{FE121FC3-50DD-4BBB-A552-AE1970082785} = {E0DDF377-E078-49E7-84E4-1D77C5A84A98}
		{8B711806-CD19-4438-932B-DF414161EBC6} = {E0DDF377-E078-49E7-84E4-1D77C5A84A98}
		{573BB554-340E-4D79-AD4B-C8D72C9171EF} = {E71B84AC-EAA3-49D6-BE57-F9997CA45154}
		{30A1311C-9544-4844-B176-2FBE853EA957} = {62156AC5-D503-41FD-A87B-ED3D38B2938B}
		{B5256B45-076F-4B8B-8E67-8F5313F3DC38} = {EC37B034-D165-465D-927D-ACDB85FA2CE1}
		{AFECAE4C-172C-4B8D-9459-32CB9A7DD958} = {B5256B45-076F-4B8B-8E67-8F5313F3DC38}
		{479ED24B-66FB-4BB8-9EDE-8F546EBD26E2} = {B5256B45-076F-4B8B-8E67-8F5313F3DC38}
		{E1EF08A4-3069-4CF4-B00C-98B1047450E4} = {B5256B45-076F-4B8B-8E67-8F5313F3DC38}
		{53830B5D-64F1-433D-AAB1-B1947A4AA570} = {E71B84AC-EAA3-49D6-BE57-F9997CA45154}
		{16EE7A55-BE07-4C0B-873B-5CB6420CDC51} = {C14FED53-B9A5-4031-A03C-A1AFD48C4F3C}
		{EE8075E3-90BB-45DB-92D8-2C79725E7CF0} = {C14FED53-B9A5-4031-A03C-A1AFD48C4F3C}
		{0731F2E9-69A6-420C-BF50-8603EFFAFC02} = {C14FED53-B9A5-4031-A03C-A1AFD48C4F3C}
	EndGlobalSection
	GlobalSection(ExtensibilityGlobals) = postSolution
		SolutionGuid = {EEB7B75F-CA88-4621-97F2-DCE605324FC8}
	EndGlobalSection
	GlobalSection(SubversionScc) = preSolution
		Svn-Managed = True
		Manager = AnkhSVN - Subversion Support for Visual Studio
	EndGlobalSection
EndGlobal
